
Microsoft Visual Studio Solution File, Format Version 12.00
# Visual Studio Version 17
VisualStudioVersion = 17.2.32602.215
MinimumVisualStudioVersion = 10.0.40219.1
Project("{FAE04EC0-301F-11D3-BF4B-00C04F79EFBC}") = "ShellDemo", "daily-code\ShellDemo\ShellDemo.csproj", "{78E838E9-FD0A-4B43-8A27-FBBAB89AF567}"
EndProject
Project("{2150E333-8FDC-42A3-9474-1A3956D46DE8}") = "WCF", "WCF", "{3DA25E1E-9653-435F-9FBD-E27B3FCAFEED}"
EndProject
Project("{FAE04EC0-301F-11D3-BF4B-00C04F79EFBC}") = "ProxySample", "daily-code\WCF\ProxySample\ProxySample.csproj", "{9B51FBBE-FEFF-43CF-A978-6878765EACEE}"
EndProject
Project("{FAE04EC0-301F-11D3-BF4B-00C04F79EFBC}") = "WcfService1", "daily-code\WCF\WcfService1\WcfService1.csproj", "{B17B24F3-C95E-4D86-998D-8D15C558EAA9}"
EndProject
Project("{2150E333-8FDC-42A3-9474-1A3956D46DE8}") = "设计模式", "设计模式", "{D5C2330B-421E-4DA5-A8C1-7500493B15D5}"
EndProject
Project("{2150E333-8FDC-42A3-9474-1A3956D46DE8}") = "观察者模式", "观察者模式", "{D6EDE921-3A81-4BDD-8EDC-DB2F150EECC7}"
EndProject
Project("{FAE04EC0-301F-11D3-BF4B-00C04F79EFBC}") = "观察者", "daily-code\设计模式\观察者模式\观察者\观察者.csproj", "{829051BB-7498-4659-A5F6-574F0F8EC772}"
EndProject
Project("{FAE04EC0-301F-11D3-BF4B-00C04F79EFBC}") = "实现窗体的翻译功能", "daily-code\设计模式\观察者模式\实现窗体的翻译功能\实现窗体的翻译功能.csproj", "{8E200DFC-DF8A-43DF-AE70-1C949494C3E6}"
EndProject
Project("{FAE04EC0-301F-11D3-BF4B-00C04F79EFBC}") = "工厂方法模式", "daily-code\设计模式\工厂方法模式\工厂方法模式.csproj", "{9CC626A2-81CE-49D7-8184-CC5568944853}"
EndProject
Project("{FAE04EC0-301F-11D3-BF4B-00C04F79EFBC}") = "单一职责原则SRP2", "daily-code\设计模式\单一职责原则SRP2\单一职责原则SRP2.csproj", "{056EC11D-659A-4366-871B-EBAD17BEA8E0}"
EndProject
Project("{FAE04EC0-301F-11D3-BF4B-00C04F79EFBC}") = "单一职责原则SRP1", "daily-code\设计模式\单一职责原则SRP1\单一职责原则SRP1.csproj", "{56945193-665A-4FFA-9E30-8F291B1F0D77}"
EndProject
Project("{2150E333-8FDC-42A3-9474-1A3956D46DE8}") = "MEF", "MEF", "{34898B6F-AA32-4D5E-9881-3F367C2CE3E7}"
EndProject
Project("{2150E333-8FDC-42A3-9474-1A3956D46DE8}") = "MEF0", "MEF0", "{1C57BD92-7C26-4F25-B898-E8DE277594F7}"
EndProject
Project("{2150E333-8FDC-42A3-9474-1A3956D46DE8}") = "MEF1", "MEF1", "{BD5A939B-0342-4A13-8359-A317BE8F2EFA}"
EndProject
Project("{2150E333-8FDC-42A3-9474-1A3956D46DE8}") = "MEF2", "MEF2", "{0EB97E7D-F40C-4AAB-AC16-881C7F924B4D}"
EndProject
Project("{2150E333-8FDC-42A3-9474-1A3956D46DE8}") = "MEF3", "MEF3", "{7184192C-DB5E-439D-AAA7-0C9E5D4F469E}"
EndProject
Project("{FAE04EC0-301F-11D3-BF4B-00C04F79EFBC}") = "MEFDemo0", "daily-code\MEF\MEF0\MEFDemo0\MEFDemo0.csproj", "{B06D840A-8251-4164-835E-6D9229C5D6D0}"
EndProject
Project("{FAE04EC0-301F-11D3-BF4B-00C04F79EFBC}") = "MEFDemo1", "daily-code\MEF\MEF1\MEFDemo1\MEFDemo1.csproj", "{2FF9D983-FB24-4280-A9C6-BE1EA5AD2E85}"
EndProject
Project("{FAE04EC0-301F-11D3-BF4B-00C04F79EFBC}") = "BankInterface", "daily-code\MEF\MEF2\BankInterface\BankInterface.csproj", "{C00E5756-1D42-4D62-8116-74FB8F638EB9}"
EndProject
Project("{FAE04EC0-301F-11D3-BF4B-00C04F79EFBC}") = "BankOfChina", "daily-code\MEF\MEF2\BankOfChina\BankOfChina.csproj", "{A00999DB-D8F8-4CC4-8EBC-8C73304E487B}"
EndProject
Project("{FAE04EC0-301F-11D3-BF4B-00C04F79EFBC}") = "MEFDemo", "daily-code\MEF\MEF2\MEFDemo\MEFDemo.csproj", "{D50CCB10-E402-4C62-914D-9EE6EC34585C}"
EndProject
Project("{FAE04EC0-301F-11D3-BF4B-00C04F79EFBC}") = "NongHang", "daily-code\MEF\MEF2\NongHang\NongHang.csproj", "{06210C76-ACDA-4DBA-8034-447D7334C9A2}"
EndProject
Project("{FAE04EC0-301F-11D3-BF4B-00C04F79EFBC}") = "MEF.BankInterface", "daily-code\MEF\MEF3\MEF.BankInterface\MEF.BankInterface.csproj", "{975DD0F6-0ADC-4464-9B69-A2D04509662E}"
EndProject
Project("{FAE04EC0-301F-11D3-BF4B-00C04F79EFBC}") = "MEF.BankOfChina", "daily-code\MEF\MEF3\MEF.BankOfChina\MEF.BankOfChina.csproj", "{FDA03248-A0BF-46A0-9350-5FB600FAF0F2}"
EndProject
Project("{FAE04EC0-301F-11D3-BF4B-00C04F79EFBC}") = "MEF.MEFDemo", "daily-code\MEF\MEF3\MEF.MEFDemo\MEF.MEFDemo.csproj", "{2218F467-353A-41AE-80A1-6AFAFC3C5BF9}"
EndProject
Project("{FAE04EC0-301F-11D3-BF4B-00C04F79EFBC}") = "MEF.NongHang", "daily-code\MEF\MEF3\MEF.NongHang\MEF.NongHang.csproj", "{2AC32873-371F-43CC-9499-9D6D82DF9FCE}"
EndProject
Project("{2150E333-8FDC-42A3-9474-1A3956D46DE8}") = "WebApi", "WebApi", "{35A1E3ED-B1A9-4092-8CB7-4147E189DDFB}"
EndProject
Project("{FAE04EC0-301F-11D3-BF4B-00C04F79EFBC}") = "Api.Client", "daily-code\WebApi\Api.Client\Api.Client.csproj", "{2FB50165-0AE2-4AB9-9DC5-F36AF7956F94}"
EndProject
Project("{FAE04EC0-301F-11D3-BF4B-00C04F79EFBC}") = "Api.Server", "daily-code\WebApi\Api.Server\Api.Server.csproj", "{D662F294-0CD7-4F93-AFBC-36401D731308}"
EndProject
Project("{FAE04EC0-301F-11D3-BF4B-00C04F79EFBC}") = "Example", "daily-code\Example\Example.csproj", "{FDA51844-AADC-4E1F-9EF1-17CD1251061A}"
EndProject
Project("{FAE04EC0-301F-11D3-BF4B-00C04F79EFBC}") = "ObserverPattern", "daily-code\设计模式\ObserverPattern\ObserverPattern.csproj", "{568A8182-0AFA-4F42-BBCA-C4584C389ADA}"
EndProject
Project("{FAE04EC0-301F-11D3-BF4B-00C04F79EFBC}") = "StatePattern", "daily-code\设计模式\StatePattern\StatePattern.csproj", "{83DE2518-8A0A-4504-B6FD-EF7168A36A2B}"
EndProject
Project("{FAE04EC0-301F-11D3-BF4B-00C04F79EFBC}") = "SqlServerDapper", "daily-code\SqlServerDapper\SqlServerDapper.csproj", "{DDBA89BE-047C-42AD-AAB5-2B93FC62360B}"
EndProject
Project("{FAE04EC0-301F-11D3-BF4B-00C04F79EFBC}") = "TestMySpline", "daily-code\TestMySpline\TestMySpline.csproj", "{2449264D-0767-4C0F-8A6B-C8045546A2A4}"
EndProject
Project("{FAE04EC0-301F-11D3-BF4B-00C04F79EFBC}") = "Token.Client", "daily-code\Token.Client\Token.Client.csproj", "{2BB51514-DDCF-40B6-85E0-5FE29A121E2E}"
EndProject
Project("{FAE04EC0-301F-11D3-BF4B-00C04F79EFBC}") = "Token.Models", "daily-code\Token.Models\Token.Models.csproj", "{F593DF61-CA9B-43B5-978E-46A42A0FB465}"
EndProject
Project("{2150E333-8FDC-42A3-9474-1A3956D46DE8}") = "Reflection", "Reflection", "{A5812AE1-CE20-432C-A498-75F09E9A49CD}"
EndProject
Project("{FAE04EC0-301F-11D3-BF4B-00C04F79EFBC}") = "ConApp.Lib", "daily-code\Reflection\ConApp.Lib\ConApp.Lib.csproj", "{C5CDE3ED-50BC-4570-A33C-CFAC7C462F2C}"
EndProject
Project("{FAE04EC0-301F-11D3-BF4B-00C04F79EFBC}") = "ConApp.ReflectionDemo", "daily-code\Reflection\ConApp.ReflectionDemo\ConApp.ReflectionDemo.csproj", "{D8508516-D67F-45B9-ABEB-A7528A51EE7A}"
EndProject
Project("{FAE04EC0-301F-11D3-BF4B-00C04F79EFBC}") = "ReflectionDemo", "daily-code\Reflection\ReflectionDemo\ReflectionDemo.csproj", "{DCB66493-D74E-47B6-888B-4A6B45C777FA}"
EndProject
Project("{2150E333-8FDC-42A3-9474-1A3956D46DE8}") = "Web", "Web", "{BF43DECB-F687-4343-A57B-C255320C776A}"
EndProject
Project("{FAE04EC0-301F-11D3-BF4B-00C04F79EFBC}") = "ClientSideValidation", "daily-code\Web\ClientSideValidation\ClientSideValidation.csproj", "{306FECE8-4419-4451-984E-51576A86CDEF}"
EndProject
Project("{FAE04EC0-301F-11D3-BF4B-00C04F79EFBC}") = "WebApp", "daily-code\Web\WebApp\WebApp.csproj", "{2C9D12AC-9537-41DC-B15F-0F24F49A587C}"
EndProject
Project("{FAE04EC0-301F-11D3-BF4B-00C04F79EFBC}") = "WebAppSearch", "daily-code\Web\WebAppSearch\WebAppSearch.csproj", "{273ECAA1-682C-49D9-B8FC-1042FDE3C9DC}"
EndProject
Project("{FAE04EC0-301F-11D3-BF4B-00C04F79EFBC}") = "ConApp01", "daily-code\ConApp01\ConApp01.csproj", "{1F676747-94CA-48CC-9C48-9EA79277EDE9}"
EndProject
Project("{FAE04EC0-301F-11D3-BF4B-00C04F79EFBC}") = "Token.Server", "daily-code\Token.Server\Token.Server.csproj", "{03F10079-3A61-4056-BD6F-AAC17D5904E1}"
EndProject
Project("{2150E333-8FDC-42A3-9474-1A3956D46DE8}") = "WF", "WF", "{815CBC29-AF78-40DF-9B7C-0746A1531642}"
EndProject
Project("{FAE04EC0-301F-11D3-BF4B-00C04F79EFBC}") = "FileWatcher", "daily-code\WF\FileWatcher\FileWatcher.csproj", "{DF51356A-51BA-4647-9CA2-0BAF66DD787E}"
EndProject
Project("{FAE04EC0-301F-11D3-BF4B-00C04F79EFBC}") = "FiveStone", "daily-code\WF\FiveStone\FiveStone.csproj", "{B788E73E-7732-461A-A7CE-3D91CC9FDC16}"
EndProject
Project("{FAE04EC0-301F-11D3-BF4B-00C04F79EFBC}") = "Gobang", "daily-code\WF\Gobang\Gobang.csproj", "{FB355E1B-949D-491D-9F5D-DDA8881583F4}"
EndProject
Project("{FAE04EC0-301F-11D3-BF4B-00C04F79EFBC}") = "MyNotepad", "daily-code\WF\MyNotepad\MyNotepad.csproj", "{9E3EE28E-3BC6-4E12-9BA6-5DED08EE814F}"
EndProject
Project("{FAE04EC0-301F-11D3-BF4B-00C04F79EFBC}") = "SynchronousAD", "daily-code\WF\SynchronousAD\SynchronousAD.csproj", "{533728C2-D451-4FBD-A79B-A63A44C06182}"
EndProject
Project("{FAE04EC0-301F-11D3-BF4B-00C04F79EFBC}") = "WfApp", "daily-code\WF\WfApp\WfApp.csproj", "{6129AD39-9550-4A99-B187-A90F0E2C9A15}"
EndProject
Project("{FAE04EC0-301F-11D3-BF4B-00C04F79EFBC}") = "资源管理器", "daily-code\WF\资源管理器\资源管理器.csproj", "{E6D4677F-4F7A-4EEF-939F-1E003F48E86D}"
EndProject
Project("{FAE04EC0-301F-11D3-BF4B-00C04F79EFBC}") = "ConApp", "daily-code\ConApp\ConApp.csproj", "{BCCBA01C-E9CB-4416-8F8A-12CFE4715631}"
EndProject
Project("{9A19103F-16F7-4668-BE54-9A1E7A4F7556}") = "BlazorServer", "daily-code\Web\BlazorServer\BlazorServer.csproj", "{4954B34A-D794-4121-9C7E-E49F91881BB1}"
EndProject
Project("{2150E333-8FDC-42A3-9474-1A3956D46DE8}") = "BlazorWebAssembly", "BlazorWebAssembly", "{1639A066-D945-45B8-93DF-AFA501F713AA}"
EndProject
Project("{9A19103F-16F7-4668-BE54-9A1E7A4F7556}") = "BlazorWebAssembly.Client", "daily-code\Web\BlazorWebAssembly\Client\BlazorWebAssembly.Client.csproj", "{D1A78805-A3A9-4C6E-A18D-3A470EF02B27}"
EndProject
Project("{9A19103F-16F7-4668-BE54-9A1E7A4F7556}") = "BlazorWebAssembly.Server", "daily-code\Web\BlazorWebAssembly\Server\BlazorWebAssembly.Server.csproj", "{46EE695F-407B-424B-BB57-3334413DB13E}"
EndProject
Project("{9A19103F-16F7-4668-BE54-9A1E7A4F7556}") = "BlazorWebAssembly.Shared", "daily-code\Web\BlazorWebAssembly\Shared\BlazorWebAssembly.Shared.csproj", "{1356B45C-9256-4231-B665-6DF00C986DE2}"
EndProject
Project("{9A19103F-16F7-4668-BE54-9A1E7A4F7556}") = "MvcMovie", "daily-code\Web\MvcMovie\MvcMovie.csproj", "{E807BD40-466E-4A92-A92A-30CEDCE20EDE}"
EndProject
Project("{9A19103F-16F7-4668-BE54-9A1E7A4F7556}") = "MvcMovie-V1", "daily-code\Web\MvcMovie-V1\MvcMovie-V1.csproj", "{5C77C32D-45D6-450E-9082-B0DD29E5D787}"
EndProject
Project("{2150E333-8FDC-42A3-9474-1A3956D46DE8}") = "SelfHost", "SelfHost", "{026BF736-F9D3-4572-8934-E978B3BEAD3B}"
EndProject
Project("{FAE04EC0-301F-11D3-BF4B-00C04F79EFBC}") = "SelfHost.WebApi.Client", "daily-code\WebApi\SelfHost\SelfHost.WebApi.Client\SelfHost.WebApi.Client.csproj", "{B05188BB-9FD5-4BBE-9DA6-B6A4BEEF0BDE}"
EndProject
Project("{FAE04EC0-301F-11D3-BF4B-00C04F79EFBC}") = "SelfHost.WebApi", "daily-code\WebApi\SelfHost\SelfHost.WebApi\SelfHost.WebApi.csproj", "{741067FD-785B-4ED4-9621-983E495F4873}"
EndProject
Project("{2150E333-8FDC-42A3-9474-1A3956D46DE8}") = "Identity", "Identity", "{A3D02BC2-A2F5-4E30-8DF9-64E1B8D53B8E}"
EndProject
Project("{9A19103F-16F7-4668-BE54-9A1E7A4F7556}") = "WebApp.Identity", "daily-code\Web\Identity\WebApp.Identity\WebApp.Identity.csproj", "{ABDB528B-233C-498D-8B79-5A6611ABEE8F}"
EndProject
Project("{9A19103F-16F7-4668-BE54-9A1E7A4F7556}") = "WebApp.Identity.Angular", "daily-code\Web\Identity\WebApp.Identity.Angular\WebApp.Identity.Angular.csproj", "{B84052C0-8953-4C74-9C87-4C7727579D75}"
EndProject
Project("{9A19103F-16F7-4668-BE54-9A1E7A4F7556}") = "WebApp.Identity.React", "daily-code\Web\Identity\WebApp.Identity.React\WebApp.Identity.React.csproj", "{8AC900DE-601E-4E91-A20C-5D3AB8A554C1}"
EndProject
Project("{2150E333-8FDC-42A3-9474-1A3956D46DE8}") = "Grpc", "Grpc", "{9B4AAA21-CBAD-4F58-8862-84FC37A139C5}"
EndProject
Project("{9A19103F-16F7-4668-BE54-9A1E7A4F7556}") = "GrpcService1", "daily-code\Grpc\GrpcService1\GrpcService1.csproj", "{A3AAB150-66F4-401F-8EE3-6370A424F564}"
EndProject
Project("{9A19103F-16F7-4668-BE54-9A1E7A4F7556}") = "GrpcService1.Client", "daily-code\Grpc\GrpcService1.Client\GrpcService1.Client.csproj", "{E08A01E2-C2D7-40D8-A6C7-C06D32804F91}"
EndProject
Project("{9A19103F-16F7-4668-BE54-9A1E7A4F7556}") = "EFGetStarted", "daily-code\EFGetStarted\EFGetStarted.csproj", "{2DCE575C-1C41-4E0A-9090-52BDA28133C4}"
EndProject
Project("{FAE04EC0-301F-11D3-BF4B-00C04F79EFBC}") = "SearchApp", "daily-code\WF\SearchApp\SearchApp.csproj", "{DA899513-3F4F-4690-9670-5022399D969A}"
EndProject
Project("{FAE04EC0-301F-11D3-BF4B-00C04F79EFBC}") = "KeyGenerator", "daily-code\WF\KeyGenerator\KeyGenerator.csproj", "{C2529682-B3FE-4525-B6E4-01A6A16376A2}"
EndProject
Global
	GlobalSection(SolutionConfigurationPlatforms) = preSolution
		Debug|Any CPU = Debug|Any CPU
		Debug|x64 = Debug|x64
		Debug|x86 = Debug|x86
		Release|Any CPU = Release|Any CPU
		Release|x64 = Release|x64
		Release|x86 = Release|x86
	EndGlobalSection
	GlobalSection(ProjectConfigurationPlatforms) = postSolution
		{78E838E9-FD0A-4B43-8A27-FBBAB89AF567}.Debug|Any CPU.ActiveCfg = Debug|Any CPU
		{78E838E9-FD0A-4B43-8A27-FBBAB89AF567}.Debug|Any CPU.Build.0 = Debug|Any CPU
		{78E838E9-FD0A-4B43-8A27-FBBAB89AF567}.Debug|x64.ActiveCfg = Debug|Any CPU
		{78E838E9-FD0A-4B43-8A27-FBBAB89AF567}.Debug|x64.Build.0 = Debug|Any CPU
		{78E838E9-FD0A-4B43-8A27-FBBAB89AF567}.Debug|x86.ActiveCfg = Debug|Any CPU
		{78E838E9-FD0A-4B43-8A27-FBBAB89AF567}.Debug|x86.Build.0 = Debug|Any CPU
		{78E838E9-FD0A-4B43-8A27-FBBAB89AF567}.Release|Any CPU.ActiveCfg = Release|Any CPU
		{78E838E9-FD0A-4B43-8A27-FBBAB89AF567}.Release|Any CPU.Build.0 = Release|Any CPU
		{78E838E9-FD0A-4B43-8A27-FBBAB89AF567}.Release|x64.ActiveCfg = Release|Any CPU
		{78E838E9-FD0A-4B43-8A27-FBBAB89AF567}.Release|x64.Build.0 = Release|Any CPU
		{78E838E9-FD0A-4B43-8A27-FBBAB89AF567}.Release|x86.ActiveCfg = Release|Any CPU
		{78E838E9-FD0A-4B43-8A27-FBBAB89AF567}.Release|x86.Build.0 = Release|Any CPU
		{9B51FBBE-FEFF-43CF-A978-6878765EACEE}.Debug|Any CPU.ActiveCfg = Debug|Any CPU
		{9B51FBBE-FEFF-43CF-A978-6878765EACEE}.Debug|Any CPU.Build.0 = Debug|Any CPU
		{9B51FBBE-FEFF-43CF-A978-6878765EACEE}.Debug|x64.ActiveCfg = Debug|Any CPU
		{9B51FBBE-FEFF-43CF-A978-6878765EACEE}.Debug|x64.Build.0 = Debug|Any CPU
		{9B51FBBE-FEFF-43CF-A978-6878765EACEE}.Debug|x86.ActiveCfg = Debug|Any CPU
		{9B51FBBE-FEFF-43CF-A978-6878765EACEE}.Debug|x86.Build.0 = Debug|Any CPU
		{9B51FBBE-FEFF-43CF-A978-6878765EACEE}.Release|Any CPU.ActiveCfg = Release|Any CPU
		{9B51FBBE-FEFF-43CF-A978-6878765EACEE}.Release|Any CPU.Build.0 = Release|Any CPU
		{9B51FBBE-FEFF-43CF-A978-6878765EACEE}.Release|x64.ActiveCfg = Release|Any CPU
		{9B51FBBE-FEFF-43CF-A978-6878765EACEE}.Release|x64.Build.0 = Release|Any CPU
		{9B51FBBE-FEFF-43CF-A978-6878765EACEE}.Release|x86.ActiveCfg = Release|Any CPU
		{9B51FBBE-FEFF-43CF-A978-6878765EACEE}.Release|x86.Build.0 = Release|Any CPU
		{B17B24F3-C95E-4D86-998D-8D15C558EAA9}.Debug|Any CPU.ActiveCfg = Debug|Any CPU
		{B17B24F3-C95E-4D86-998D-8D15C558EAA9}.Debug|Any CPU.Build.0 = Debug|Any CPU
		{B17B24F3-C95E-4D86-998D-8D15C558EAA9}.Debug|x64.ActiveCfg = Debug|Any CPU
		{B17B24F3-C95E-4D86-998D-8D15C558EAA9}.Debug|x64.Build.0 = Debug|Any CPU
		{B17B24F3-C95E-4D86-998D-8D15C558EAA9}.Debug|x86.ActiveCfg = Debug|Any CPU
		{B17B24F3-C95E-4D86-998D-8D15C558EAA9}.Debug|x86.Build.0 = Debug|Any CPU
		{B17B24F3-C95E-4D86-998D-8D15C558EAA9}.Release|Any CPU.ActiveCfg = Release|Any CPU
		{B17B24F3-C95E-4D86-998D-8D15C558EAA9}.Release|Any CPU.Build.0 = Release|Any CPU
		{B17B24F3-C95E-4D86-998D-8D15C558EAA9}.Release|x64.ActiveCfg = Release|Any CPU
		{B17B24F3-C95E-4D86-998D-8D15C558EAA9}.Release|x64.Build.0 = Release|Any CPU
		{B17B24F3-C95E-4D86-998D-8D15C558EAA9}.Release|x86.ActiveCfg = Release|Any CPU
		{B17B24F3-C95E-4D86-998D-8D15C558EAA9}.Release|x86.Build.0 = Release|Any CPU
		{829051BB-7498-4659-A5F6-574F0F8EC772}.Debug|Any CPU.ActiveCfg = Debug|Any CPU
		{829051BB-7498-4659-A5F6-574F0F8EC772}.Debug|Any CPU.Build.0 = Debug|Any CPU
		{829051BB-7498-4659-A5F6-574F0F8EC772}.Debug|x64.ActiveCfg = Debug|Any CPU
		{829051BB-7498-4659-A5F6-574F0F8EC772}.Debug|x64.Build.0 = Debug|Any CPU
		{829051BB-7498-4659-A5F6-574F0F8EC772}.Debug|x86.ActiveCfg = Debug|Any CPU
		{829051BB-7498-4659-A5F6-574F0F8EC772}.Debug|x86.Build.0 = Debug|Any CPU
		{829051BB-7498-4659-A5F6-574F0F8EC772}.Release|Any CPU.ActiveCfg = Release|Any CPU
		{829051BB-7498-4659-A5F6-574F0F8EC772}.Release|Any CPU.Build.0 = Release|Any CPU
		{829051BB-7498-4659-A5F6-574F0F8EC772}.Release|x64.ActiveCfg = Release|Any CPU
		{829051BB-7498-4659-A5F6-574F0F8EC772}.Release|x64.Build.0 = Release|Any CPU
		{829051BB-7498-4659-A5F6-574F0F8EC772}.Release|x86.ActiveCfg = Release|Any CPU
		{829051BB-7498-4659-A5F6-574F0F8EC772}.Release|x86.Build.0 = Release|Any CPU
		{8E200DFC-DF8A-43DF-AE70-1C949494C3E6}.Debug|Any CPU.ActiveCfg = Debug|Any CPU
		{8E200DFC-DF8A-43DF-AE70-1C949494C3E6}.Debug|Any CPU.Build.0 = Debug|Any CPU
		{8E200DFC-DF8A-43DF-AE70-1C949494C3E6}.Debug|x64.ActiveCfg = Debug|Any CPU
		{8E200DFC-DF8A-43DF-AE70-1C949494C3E6}.Debug|x64.Build.0 = Debug|Any CPU
		{8E200DFC-DF8A-43DF-AE70-1C949494C3E6}.Debug|x86.ActiveCfg = Debug|Any CPU
		{8E200DFC-DF8A-43DF-AE70-1C949494C3E6}.Debug|x86.Build.0 = Debug|Any CPU
		{8E200DFC-DF8A-43DF-AE70-1C949494C3E6}.Release|Any CPU.ActiveCfg = Release|Any CPU
		{8E200DFC-DF8A-43DF-AE70-1C949494C3E6}.Release|Any CPU.Build.0 = Release|Any CPU
		{8E200DFC-DF8A-43DF-AE70-1C949494C3E6}.Release|x64.ActiveCfg = Release|Any CPU
		{8E200DFC-DF8A-43DF-AE70-1C949494C3E6}.Release|x64.Build.0 = Release|Any CPU
		{8E200DFC-DF8A-43DF-AE70-1C949494C3E6}.Release|x86.ActiveCfg = Release|Any CPU
		{8E200DFC-DF8A-43DF-AE70-1C949494C3E6}.Release|x86.Build.0 = Release|Any CPU
		{9CC626A2-81CE-49D7-8184-CC5568944853}.Debug|Any CPU.ActiveCfg = Debug|Any CPU
		{9CC626A2-81CE-49D7-8184-CC5568944853}.Debug|Any CPU.Build.0 = Debug|Any CPU
		{9CC626A2-81CE-49D7-8184-CC5568944853}.Debug|x64.ActiveCfg = Debug|Any CPU
		{9CC626A2-81CE-49D7-8184-CC5568944853}.Debug|x64.Build.0 = Debug|Any CPU
		{9CC626A2-81CE-49D7-8184-CC5568944853}.Debug|x86.ActiveCfg = Debug|Any CPU
		{9CC626A2-81CE-49D7-8184-CC5568944853}.Debug|x86.Build.0 = Debug|Any CPU
		{9CC626A2-81CE-49D7-8184-CC5568944853}.Release|Any CPU.ActiveCfg = Release|Any CPU
		{9CC626A2-81CE-49D7-8184-CC5568944853}.Release|Any CPU.Build.0 = Release|Any CPU
		{9CC626A2-81CE-49D7-8184-CC5568944853}.Release|x64.ActiveCfg = Release|Any CPU
		{9CC626A2-81CE-49D7-8184-CC5568944853}.Release|x64.Build.0 = Release|Any CPU
		{9CC626A2-81CE-49D7-8184-CC5568944853}.Release|x86.ActiveCfg = Release|Any CPU
		{9CC626A2-81CE-49D7-8184-CC5568944853}.Release|x86.Build.0 = Release|Any CPU
		{056EC11D-659A-4366-871B-EBAD17BEA8E0}.Debug|Any CPU.ActiveCfg = Debug|Any CPU
		{056EC11D-659A-4366-871B-EBAD17BEA8E0}.Debug|Any CPU.Build.0 = Debug|Any CPU
		{056EC11D-659A-4366-871B-EBAD17BEA8E0}.Debug|x64.ActiveCfg = Debug|Any CPU
		{056EC11D-659A-4366-871B-EBAD17BEA8E0}.Debug|x64.Build.0 = Debug|Any CPU
		{056EC11D-659A-4366-871B-EBAD17BEA8E0}.Debug|x86.ActiveCfg = Debug|Any CPU
		{056EC11D-659A-4366-871B-EBAD17BEA8E0}.Debug|x86.Build.0 = Debug|Any CPU
		{056EC11D-659A-4366-871B-EBAD17BEA8E0}.Release|Any CPU.ActiveCfg = Release|Any CPU
		{056EC11D-659A-4366-871B-EBAD17BEA8E0}.Release|Any CPU.Build.0 = Release|Any CPU
		{056EC11D-659A-4366-871B-EBAD17BEA8E0}.Release|x64.ActiveCfg = Release|Any CPU
		{056EC11D-659A-4366-871B-EBAD17BEA8E0}.Release|x64.Build.0 = Release|Any CPU
		{056EC11D-659A-4366-871B-EBAD17BEA8E0}.Release|x86.ActiveCfg = Release|Any CPU
		{056EC11D-659A-4366-871B-EBAD17BEA8E0}.Release|x86.Build.0 = Release|Any CPU
		{56945193-665A-4FFA-9E30-8F291B1F0D77}.Debug|Any CPU.ActiveCfg = Debug|Any CPU
		{56945193-665A-4FFA-9E30-8F291B1F0D77}.Debug|Any CPU.Build.0 = Debug|Any CPU
		{56945193-665A-4FFA-9E30-8F291B1F0D77}.Debug|x64.ActiveCfg = Debug|Any CPU
		{56945193-665A-4FFA-9E30-8F291B1F0D77}.Debug|x64.Build.0 = Debug|Any CPU
		{56945193-665A-4FFA-9E30-8F291B1F0D77}.Debug|x86.ActiveCfg = Debug|Any CPU
		{56945193-665A-4FFA-9E30-8F291B1F0D77}.Debug|x86.Build.0 = Debug|Any CPU
		{56945193-665A-4FFA-9E30-8F291B1F0D77}.Release|Any CPU.ActiveCfg = Release|Any CPU
		{56945193-665A-4FFA-9E30-8F291B1F0D77}.Release|Any CPU.Build.0 = Release|Any CPU
		{56945193-665A-4FFA-9E30-8F291B1F0D77}.Release|x64.ActiveCfg = Release|Any CPU
		{56945193-665A-4FFA-9E30-8F291B1F0D77}.Release|x64.Build.0 = Release|Any CPU
		{56945193-665A-4FFA-9E30-8F291B1F0D77}.Release|x86.ActiveCfg = Release|Any CPU
		{56945193-665A-4FFA-9E30-8F291B1F0D77}.Release|x86.Build.0 = Release|Any CPU
		{B06D840A-8251-4164-835E-6D9229C5D6D0}.Debug|Any CPU.ActiveCfg = Debug|Any CPU
		{B06D840A-8251-4164-835E-6D9229C5D6D0}.Debug|Any CPU.Build.0 = Debug|Any CPU
		{B06D840A-8251-4164-835E-6D9229C5D6D0}.Debug|x64.ActiveCfg = Debug|Any CPU
		{B06D840A-8251-4164-835E-6D9229C5D6D0}.Debug|x64.Build.0 = Debug|Any CPU
		{B06D840A-8251-4164-835E-6D9229C5D6D0}.Debug|x86.ActiveCfg = Debug|Any CPU
		{B06D840A-8251-4164-835E-6D9229C5D6D0}.Debug|x86.Build.0 = Debug|Any CPU
		{B06D840A-8251-4164-835E-6D9229C5D6D0}.Release|Any CPU.ActiveCfg = Release|Any CPU
		{B06D840A-8251-4164-835E-6D9229C5D6D0}.Release|Any CPU.Build.0 = Release|Any CPU
		{B06D840A-8251-4164-835E-6D9229C5D6D0}.Release|x64.ActiveCfg = Release|Any CPU
		{B06D840A-8251-4164-835E-6D9229C5D6D0}.Release|x64.Build.0 = Release|Any CPU
		{B06D840A-8251-4164-835E-6D9229C5D6D0}.Release|x86.ActiveCfg = Release|Any CPU
		{B06D840A-8251-4164-835E-6D9229C5D6D0}.Release|x86.Build.0 = Release|Any CPU
		{2FF9D983-FB24-4280-A9C6-BE1EA5AD2E85}.Debug|Any CPU.ActiveCfg = Debug|Any CPU
		{2FF9D983-FB24-4280-A9C6-BE1EA5AD2E85}.Debug|Any CPU.Build.0 = Debug|Any CPU
		{2FF9D983-FB24-4280-A9C6-BE1EA5AD2E85}.Debug|x64.ActiveCfg = Debug|Any CPU
		{2FF9D983-FB24-4280-A9C6-BE1EA5AD2E85}.Debug|x64.Build.0 = Debug|Any CPU
		{2FF9D983-FB24-4280-A9C6-BE1EA5AD2E85}.Debug|x86.ActiveCfg = Debug|Any CPU
		{2FF9D983-FB24-4280-A9C6-BE1EA5AD2E85}.Debug|x86.Build.0 = Debug|Any CPU
		{2FF9D983-FB24-4280-A9C6-BE1EA5AD2E85}.Release|Any CPU.ActiveCfg = Release|Any CPU
		{2FF9D983-FB24-4280-A9C6-BE1EA5AD2E85}.Release|Any CPU.Build.0 = Release|Any CPU
		{2FF9D983-FB24-4280-A9C6-BE1EA5AD2E85}.Release|x64.ActiveCfg = Release|Any CPU
		{2FF9D983-FB24-4280-A9C6-BE1EA5AD2E85}.Release|x64.Build.0 = Release|Any CPU
		{2FF9D983-FB24-4280-A9C6-BE1EA5AD2E85}.Release|x86.ActiveCfg = Release|Any CPU
		{2FF9D983-FB24-4280-A9C6-BE1EA5AD2E85}.Release|x86.Build.0 = Release|Any CPU
		{C00E5756-1D42-4D62-8116-74FB8F638EB9}.Debug|Any CPU.ActiveCfg = Debug|Any CPU
		{C00E5756-1D42-4D62-8116-74FB8F638EB9}.Debug|Any CPU.Build.0 = Debug|Any CPU
		{C00E5756-1D42-4D62-8116-74FB8F638EB9}.Debug|x64.ActiveCfg = Debug|Any CPU
		{C00E5756-1D42-4D62-8116-74FB8F638EB9}.Debug|x64.Build.0 = Debug|Any CPU
		{C00E5756-1D42-4D62-8116-74FB8F638EB9}.Debug|x86.ActiveCfg = Debug|Any CPU
		{C00E5756-1D42-4D62-8116-74FB8F638EB9}.Debug|x86.Build.0 = Debug|Any CPU
		{C00E5756-1D42-4D62-8116-74FB8F638EB9}.Release|Any CPU.ActiveCfg = Release|Any CPU
		{C00E5756-1D42-4D62-8116-74FB8F638EB9}.Release|Any CPU.Build.0 = Release|Any CPU
		{C00E5756-1D42-4D62-8116-74FB8F638EB9}.Release|x64.ActiveCfg = Release|Any CPU
		{C00E5756-1D42-4D62-8116-74FB8F638EB9}.Release|x64.Build.0 = Release|Any CPU
		{C00E5756-1D42-4D62-8116-74FB8F638EB9}.Release|x86.ActiveCfg = Release|Any CPU
		{C00E5756-1D42-4D62-8116-74FB8F638EB9}.Release|x86.Build.0 = Release|Any CPU
		{A00999DB-D8F8-4CC4-8EBC-8C73304E487B}.Debug|Any CPU.ActiveCfg = Debug|Any CPU
		{A00999DB-D8F8-4CC4-8EBC-8C73304E487B}.Debug|Any CPU.Build.0 = Debug|Any CPU
		{A00999DB-D8F8-4CC4-8EBC-8C73304E487B}.Debug|x64.ActiveCfg = Debug|Any CPU
		{A00999DB-D8F8-4CC4-8EBC-8C73304E487B}.Debug|x64.Build.0 = Debug|Any CPU
		{A00999DB-D8F8-4CC4-8EBC-8C73304E487B}.Debug|x86.ActiveCfg = Debug|Any CPU
		{A00999DB-D8F8-4CC4-8EBC-8C73304E487B}.Debug|x86.Build.0 = Debug|Any CPU
		{A00999DB-D8F8-4CC4-8EBC-8C73304E487B}.Release|Any CPU.ActiveCfg = Release|Any CPU
		{A00999DB-D8F8-4CC4-8EBC-8C73304E487B}.Release|Any CPU.Build.0 = Release|Any CPU
		{A00999DB-D8F8-4CC4-8EBC-8C73304E487B}.Release|x64.ActiveCfg = Release|Any CPU
		{A00999DB-D8F8-4CC4-8EBC-8C73304E487B}.Release|x64.Build.0 = Release|Any CPU
		{A00999DB-D8F8-4CC4-8EBC-8C73304E487B}.Release|x86.ActiveCfg = Release|Any CPU
		{A00999DB-D8F8-4CC4-8EBC-8C73304E487B}.Release|x86.Build.0 = Release|Any CPU
		{D50CCB10-E402-4C62-914D-9EE6EC34585C}.Debug|Any CPU.ActiveCfg = Debug|Any CPU
		{D50CCB10-E402-4C62-914D-9EE6EC34585C}.Debug|Any CPU.Build.0 = Debug|Any CPU
		{D50CCB10-E402-4C62-914D-9EE6EC34585C}.Debug|x64.ActiveCfg = Debug|Any CPU
		{D50CCB10-E402-4C62-914D-9EE6EC34585C}.Debug|x64.Build.0 = Debug|Any CPU
		{D50CCB10-E402-4C62-914D-9EE6EC34585C}.Debug|x86.ActiveCfg = Debug|Any CPU
		{D50CCB10-E402-4C62-914D-9EE6EC34585C}.Debug|x86.Build.0 = Debug|Any CPU
		{D50CCB10-E402-4C62-914D-9EE6EC34585C}.Release|Any CPU.ActiveCfg = Release|Any CPU
		{D50CCB10-E402-4C62-914D-9EE6EC34585C}.Release|Any CPU.Build.0 = Release|Any CPU
		{D50CCB10-E402-4C62-914D-9EE6EC34585C}.Release|x64.ActiveCfg = Release|Any CPU
		{D50CCB10-E402-4C62-914D-9EE6EC34585C}.Release|x64.Build.0 = Release|Any CPU
		{D50CCB10-E402-4C62-914D-9EE6EC34585C}.Release|x86.ActiveCfg = Release|Any CPU
		{D50CCB10-E402-4C62-914D-9EE6EC34585C}.Release|x86.Build.0 = Release|Any CPU
		{06210C76-ACDA-4DBA-8034-447D7334C9A2}.Debug|Any CPU.ActiveCfg = Debug|Any CPU
		{06210C76-ACDA-4DBA-8034-447D7334C9A2}.Debug|Any CPU.Build.0 = Debug|Any CPU
		{06210C76-ACDA-4DBA-8034-447D7334C9A2}.Debug|x64.ActiveCfg = Debug|Any CPU
		{06210C76-ACDA-4DBA-8034-447D7334C9A2}.Debug|x64.Build.0 = Debug|Any CPU
		{06210C76-ACDA-4DBA-8034-447D7334C9A2}.Debug|x86.ActiveCfg = Debug|Any CPU
		{06210C76-ACDA-4DBA-8034-447D7334C9A2}.Debug|x86.Build.0 = Debug|Any CPU
		{06210C76-ACDA-4DBA-8034-447D7334C9A2}.Release|Any CPU.ActiveCfg = Release|Any CPU
		{06210C76-ACDA-4DBA-8034-447D7334C9A2}.Release|Any CPU.Build.0 = Release|Any CPU
		{06210C76-ACDA-4DBA-8034-447D7334C9A2}.Release|x64.ActiveCfg = Release|Any CPU
		{06210C76-ACDA-4DBA-8034-447D7334C9A2}.Release|x64.Build.0 = Release|Any CPU
		{06210C76-ACDA-4DBA-8034-447D7334C9A2}.Release|x86.ActiveCfg = Release|Any CPU
		{06210C76-ACDA-4DBA-8034-447D7334C9A2}.Release|x86.Build.0 = Release|Any CPU
		{975DD0F6-0ADC-4464-9B69-A2D04509662E}.Debug|Any CPU.ActiveCfg = Debug|Any CPU
		{975DD0F6-0ADC-4464-9B69-A2D04509662E}.Debug|Any CPU.Build.0 = Debug|Any CPU
		{975DD0F6-0ADC-4464-9B69-A2D04509662E}.Debug|x64.ActiveCfg = Debug|Any CPU
		{975DD0F6-0ADC-4464-9B69-A2D04509662E}.Debug|x64.Build.0 = Debug|Any CPU
		{975DD0F6-0ADC-4464-9B69-A2D04509662E}.Debug|x86.ActiveCfg = Debug|Any CPU
		{975DD0F6-0ADC-4464-9B69-A2D04509662E}.Debug|x86.Build.0 = Debug|Any CPU
		{975DD0F6-0ADC-4464-9B69-A2D04509662E}.Release|Any CPU.ActiveCfg = Release|Any CPU
		{975DD0F6-0ADC-4464-9B69-A2D04509662E}.Release|Any CPU.Build.0 = Release|Any CPU
		{975DD0F6-0ADC-4464-9B69-A2D04509662E}.Release|x64.ActiveCfg = Release|Any CPU
		{975DD0F6-0ADC-4464-9B69-A2D04509662E}.Release|x64.Build.0 = Release|Any CPU
		{975DD0F6-0ADC-4464-9B69-A2D04509662E}.Release|x86.ActiveCfg = Release|Any CPU
		{975DD0F6-0ADC-4464-9B69-A2D04509662E}.Release|x86.Build.0 = Release|Any CPU
		{FDA03248-A0BF-46A0-9350-5FB600FAF0F2}.Debug|Any CPU.ActiveCfg = Debug|Any CPU
		{FDA03248-A0BF-46A0-9350-5FB600FAF0F2}.Debug|Any CPU.Build.0 = Debug|Any CPU
		{FDA03248-A0BF-46A0-9350-5FB600FAF0F2}.Debug|x64.ActiveCfg = Debug|Any CPU
		{FDA03248-A0BF-46A0-9350-5FB600FAF0F2}.Debug|x64.Build.0 = Debug|Any CPU
		{FDA03248-A0BF-46A0-9350-5FB600FAF0F2}.Debug|x86.ActiveCfg = Debug|Any CPU
		{FDA03248-A0BF-46A0-9350-5FB600FAF0F2}.Debug|x86.Build.0 = Debug|Any CPU
		{FDA03248-A0BF-46A0-9350-5FB600FAF0F2}.Release|Any CPU.ActiveCfg = Release|Any CPU
		{FDA03248-A0BF-46A0-9350-5FB600FAF0F2}.Release|Any CPU.Build.0 = Release|Any CPU
		{FDA03248-A0BF-46A0-9350-5FB600FAF0F2}.Release|x64.ActiveCfg = Release|Any CPU
		{FDA03248-A0BF-46A0-9350-5FB600FAF0F2}.Release|x64.Build.0 = Release|Any CPU
		{FDA03248-A0BF-46A0-9350-5FB600FAF0F2}.Release|x86.ActiveCfg = Release|Any CPU
		{FDA03248-A0BF-46A0-9350-5FB600FAF0F2}.Release|x86.Build.0 = Release|Any CPU
		{2218F467-353A-41AE-80A1-6AFAFC3C5BF9}.Debug|Any CPU.ActiveCfg = Debug|Any CPU
		{2218F467-353A-41AE-80A1-6AFAFC3C5BF9}.Debug|Any CPU.Build.0 = Debug|Any CPU
		{2218F467-353A-41AE-80A1-6AFAFC3C5BF9}.Debug|x64.ActiveCfg = Debug|Any CPU
		{2218F467-353A-41AE-80A1-6AFAFC3C5BF9}.Debug|x64.Build.0 = Debug|Any CPU
		{2218F467-353A-41AE-80A1-6AFAFC3C5BF9}.Debug|x86.ActiveCfg = Debug|Any CPU
		{2218F467-353A-41AE-80A1-6AFAFC3C5BF9}.Debug|x86.Build.0 = Debug|Any CPU
		{2218F467-353A-41AE-80A1-6AFAFC3C5BF9}.Release|Any CPU.ActiveCfg = Release|Any CPU
		{2218F467-353A-41AE-80A1-6AFAFC3C5BF9}.Release|Any CPU.Build.0 = Release|Any CPU
		{2218F467-353A-41AE-80A1-6AFAFC3C5BF9}.Release|x64.ActiveCfg = Release|Any CPU
		{2218F467-353A-41AE-80A1-6AFAFC3C5BF9}.Release|x64.Build.0 = Release|Any CPU
		{2218F467-353A-41AE-80A1-6AFAFC3C5BF9}.Release|x86.ActiveCfg = Release|Any CPU
		{2218F467-353A-41AE-80A1-6AFAFC3C5BF9}.Release|x86.Build.0 = Release|Any CPU
		{2AC32873-371F-43CC-9499-9D6D82DF9FCE}.Debug|Any CPU.ActiveCfg = Debug|Any CPU
		{2AC32873-371F-43CC-9499-9D6D82DF9FCE}.Debug|Any CPU.Build.0 = Debug|Any CPU
		{2AC32873-371F-43CC-9499-9D6D82DF9FCE}.Debug|x64.ActiveCfg = Debug|Any CPU
		{2AC32873-371F-43CC-9499-9D6D82DF9FCE}.Debug|x64.Build.0 = Debug|Any CPU
		{2AC32873-371F-43CC-9499-9D6D82DF9FCE}.Debug|x86.ActiveCfg = Debug|Any CPU
		{2AC32873-371F-43CC-9499-9D6D82DF9FCE}.Debug|x86.Build.0 = Debug|Any CPU
		{2AC32873-371F-43CC-9499-9D6D82DF9FCE}.Release|Any CPU.ActiveCfg = Release|Any CPU
		{2AC32873-371F-43CC-9499-9D6D82DF9FCE}.Release|Any CPU.Build.0 = Release|Any CPU
		{2AC32873-371F-43CC-9499-9D6D82DF9FCE}.Release|x64.ActiveCfg = Release|Any CPU
		{2AC32873-371F-43CC-9499-9D6D82DF9FCE}.Release|x64.Build.0 = Release|Any CPU
		{2AC32873-371F-43CC-9499-9D6D82DF9FCE}.Release|x86.ActiveCfg = Release|Any CPU
		{2AC32873-371F-43CC-9499-9D6D82DF9FCE}.Release|x86.Build.0 = Release|Any CPU
		{2FB50165-0AE2-4AB9-9DC5-F36AF7956F94}.Debug|Any CPU.ActiveCfg = Debug|Any CPU
		{2FB50165-0AE2-4AB9-9DC5-F36AF7956F94}.Debug|Any CPU.Build.0 = Debug|Any CPU
		{2FB50165-0AE2-4AB9-9DC5-F36AF7956F94}.Debug|x64.ActiveCfg = Debug|Any CPU
		{2FB50165-0AE2-4AB9-9DC5-F36AF7956F94}.Debug|x64.Build.0 = Debug|Any CPU
		{2FB50165-0AE2-4AB9-9DC5-F36AF7956F94}.Debug|x86.ActiveCfg = Debug|Any CPU
		{2FB50165-0AE2-4AB9-9DC5-F36AF7956F94}.Debug|x86.Build.0 = Debug|Any CPU
		{2FB50165-0AE2-4AB9-9DC5-F36AF7956F94}.Release|Any CPU.ActiveCfg = Release|Any CPU
		{2FB50165-0AE2-4AB9-9DC5-F36AF7956F94}.Release|Any CPU.Build.0 = Release|Any CPU
		{2FB50165-0AE2-4AB9-9DC5-F36AF7956F94}.Release|x64.ActiveCfg = Release|Any CPU
		{2FB50165-0AE2-4AB9-9DC5-F36AF7956F94}.Release|x64.Build.0 = Release|Any CPU
		{2FB50165-0AE2-4AB9-9DC5-F36AF7956F94}.Release|x86.ActiveCfg = Release|Any CPU
		{2FB50165-0AE2-4AB9-9DC5-F36AF7956F94}.Release|x86.Build.0 = Release|Any CPU
		{D662F294-0CD7-4F93-AFBC-36401D731308}.Debug|Any CPU.ActiveCfg = Debug|Any CPU
		{D662F294-0CD7-4F93-AFBC-36401D731308}.Debug|Any CPU.Build.0 = Debug|Any CPU
		{D662F294-0CD7-4F93-AFBC-36401D731308}.Debug|x64.ActiveCfg = Debug|Any CPU
		{D662F294-0CD7-4F93-AFBC-36401D731308}.Debug|x64.Build.0 = Debug|Any CPU
		{D662F294-0CD7-4F93-AFBC-36401D731308}.Debug|x86.ActiveCfg = Debug|Any CPU
		{D662F294-0CD7-4F93-AFBC-36401D731308}.Debug|x86.Build.0 = Debug|Any CPU
		{D662F294-0CD7-4F93-AFBC-36401D731308}.Release|Any CPU.ActiveCfg = Release|Any CPU
		{D662F294-0CD7-4F93-AFBC-36401D731308}.Release|Any CPU.Build.0 = Release|Any CPU
		{D662F294-0CD7-4F93-AFBC-36401D731308}.Release|x64.ActiveCfg = Release|Any CPU
		{D662F294-0CD7-4F93-AFBC-36401D731308}.Release|x64.Build.0 = Release|Any CPU
		{D662F294-0CD7-4F93-AFBC-36401D731308}.Release|x86.ActiveCfg = Release|Any CPU
		{D662F294-0CD7-4F93-AFBC-36401D731308}.Release|x86.Build.0 = Release|Any CPU
		{FDA51844-AADC-4E1F-9EF1-17CD1251061A}.Debug|Any CPU.ActiveCfg = Debug|Any CPU
		{FDA51844-AADC-4E1F-9EF1-17CD1251061A}.Debug|Any CPU.Build.0 = Debug|Any CPU
		{FDA51844-AADC-4E1F-9EF1-17CD1251061A}.Debug|x64.ActiveCfg = Debug|Any CPU
		{FDA51844-AADC-4E1F-9EF1-17CD1251061A}.Debug|x64.Build.0 = Debug|Any CPU
		{FDA51844-AADC-4E1F-9EF1-17CD1251061A}.Debug|x86.ActiveCfg = Debug|Any CPU
		{FDA51844-AADC-4E1F-9EF1-17CD1251061A}.Debug|x86.Build.0 = Debug|Any CPU
		{FDA51844-AADC-4E1F-9EF1-17CD1251061A}.Release|Any CPU.ActiveCfg = Release|Any CPU
		{FDA51844-AADC-4E1F-9EF1-17CD1251061A}.Release|Any CPU.Build.0 = Release|Any CPU
		{FDA51844-AADC-4E1F-9EF1-17CD1251061A}.Release|x64.ActiveCfg = Release|Any CPU
		{FDA51844-AADC-4E1F-9EF1-17CD1251061A}.Release|x64.Build.0 = Release|Any CPU
		{FDA51844-AADC-4E1F-9EF1-17CD1251061A}.Release|x86.ActiveCfg = Release|Any CPU
		{FDA51844-AADC-4E1F-9EF1-17CD1251061A}.Release|x86.Build.0 = Release|Any CPU
		{568A8182-0AFA-4F42-BBCA-C4584C389ADA}.Debug|Any CPU.ActiveCfg = Debug|Any CPU
		{568A8182-0AFA-4F42-BBCA-C4584C389ADA}.Debug|Any CPU.Build.0 = Debug|Any CPU
		{568A8182-0AFA-4F42-BBCA-C4584C389ADA}.Debug|x64.ActiveCfg = Debug|Any CPU
		{568A8182-0AFA-4F42-BBCA-C4584C389ADA}.Debug|x64.Build.0 = Debug|Any CPU
		{568A8182-0AFA-4F42-BBCA-C4584C389ADA}.Debug|x86.ActiveCfg = Debug|Any CPU
		{568A8182-0AFA-4F42-BBCA-C4584C389ADA}.Debug|x86.Build.0 = Debug|Any CPU
		{568A8182-0AFA-4F42-BBCA-C4584C389ADA}.Release|Any CPU.ActiveCfg = Release|Any CPU
		{568A8182-0AFA-4F42-BBCA-C4584C389ADA}.Release|Any CPU.Build.0 = Release|Any CPU
		{568A8182-0AFA-4F42-BBCA-C4584C389ADA}.Release|x64.ActiveCfg = Release|Any CPU
		{568A8182-0AFA-4F42-BBCA-C4584C389ADA}.Release|x64.Build.0 = Release|Any CPU
		{568A8182-0AFA-4F42-BBCA-C4584C389ADA}.Release|x86.ActiveCfg = Release|Any CPU
		{568A8182-0AFA-4F42-BBCA-C4584C389ADA}.Release|x86.Build.0 = Release|Any CPU
		{83DE2518-8A0A-4504-B6FD-EF7168A36A2B}.Debug|Any CPU.ActiveCfg = Debug|Any CPU
		{83DE2518-8A0A-4504-B6FD-EF7168A36A2B}.Debug|Any CPU.Build.0 = Debug|Any CPU
		{83DE2518-8A0A-4504-B6FD-EF7168A36A2B}.Debug|x64.ActiveCfg = Debug|Any CPU
		{83DE2518-8A0A-4504-B6FD-EF7168A36A2B}.Debug|x64.Build.0 = Debug|Any CPU
		{83DE2518-8A0A-4504-B6FD-EF7168A36A2B}.Debug|x86.ActiveCfg = Debug|Any CPU
		{83DE2518-8A0A-4504-B6FD-EF7168A36A2B}.Debug|x86.Build.0 = Debug|Any CPU
		{83DE2518-8A0A-4504-B6FD-EF7168A36A2B}.Release|Any CPU.ActiveCfg = Release|Any CPU
		{83DE2518-8A0A-4504-B6FD-EF7168A36A2B}.Release|Any CPU.Build.0 = Release|Any CPU
		{83DE2518-8A0A-4504-B6FD-EF7168A36A2B}.Release|x64.ActiveCfg = Release|Any CPU
		{83DE2518-8A0A-4504-B6FD-EF7168A36A2B}.Release|x64.Build.0 = Release|Any CPU
		{83DE2518-8A0A-4504-B6FD-EF7168A36A2B}.Release|x86.ActiveCfg = Release|Any CPU
		{83DE2518-8A0A-4504-B6FD-EF7168A36A2B}.Release|x86.Build.0 = Release|Any CPU
		{DDBA89BE-047C-42AD-AAB5-2B93FC62360B}.Debug|Any CPU.ActiveCfg = Debug|Any CPU
		{DDBA89BE-047C-42AD-AAB5-2B93FC62360B}.Debug|Any CPU.Build.0 = Debug|Any CPU
		{DDBA89BE-047C-42AD-AAB5-2B93FC62360B}.Debug|x64.ActiveCfg = Debug|Any CPU
		{DDBA89BE-047C-42AD-AAB5-2B93FC62360B}.Debug|x64.Build.0 = Debug|Any CPU
		{DDBA89BE-047C-42AD-AAB5-2B93FC62360B}.Debug|x86.ActiveCfg = Debug|Any CPU
		{DDBA89BE-047C-42AD-AAB5-2B93FC62360B}.Debug|x86.Build.0 = Debug|Any CPU
		{DDBA89BE-047C-42AD-AAB5-2B93FC62360B}.Release|Any CPU.ActiveCfg = Release|Any CPU
		{DDBA89BE-047C-42AD-AAB5-2B93FC62360B}.Release|Any CPU.Build.0 = Release|Any CPU
		{DDBA89BE-047C-42AD-AAB5-2B93FC62360B}.Release|x64.ActiveCfg = Release|Any CPU
		{DDBA89BE-047C-42AD-AAB5-2B93FC62360B}.Release|x64.Build.0 = Release|Any CPU
		{DDBA89BE-047C-42AD-AAB5-2B93FC62360B}.Release|x86.ActiveCfg = Release|Any CPU
		{DDBA89BE-047C-42AD-AAB5-2B93FC62360B}.Release|x86.Build.0 = Release|Any CPU
		{2449264D-0767-4C0F-8A6B-C8045546A2A4}.Debug|Any CPU.ActiveCfg = Debug|Any CPU
		{2449264D-0767-4C0F-8A6B-C8045546A2A4}.Debug|Any CPU.Build.0 = Debug|Any CPU
		{2449264D-0767-4C0F-8A6B-C8045546A2A4}.Debug|x64.ActiveCfg = Debug|Any CPU
		{2449264D-0767-4C0F-8A6B-C8045546A2A4}.Debug|x64.Build.0 = Debug|Any CPU
		{2449264D-0767-4C0F-8A6B-C8045546A2A4}.Debug|x86.ActiveCfg = Debug|Any CPU
		{2449264D-0767-4C0F-8A6B-C8045546A2A4}.Debug|x86.Build.0 = Debug|Any CPU
		{2449264D-0767-4C0F-8A6B-C8045546A2A4}.Release|Any CPU.ActiveCfg = Release|Any CPU
		{2449264D-0767-4C0F-8A6B-C8045546A2A4}.Release|Any CPU.Build.0 = Release|Any CPU
		{2449264D-0767-4C0F-8A6B-C8045546A2A4}.Release|x64.ActiveCfg = Release|Any CPU
		{2449264D-0767-4C0F-8A6B-C8045546A2A4}.Release|x64.Build.0 = Release|Any CPU
		{2449264D-0767-4C0F-8A6B-C8045546A2A4}.Release|x86.ActiveCfg = Release|Any CPU
		{2449264D-0767-4C0F-8A6B-C8045546A2A4}.Release|x86.Build.0 = Release|Any CPU
		{2BB51514-DDCF-40B6-85E0-5FE29A121E2E}.Debug|Any CPU.ActiveCfg = Debug|Any CPU
		{2BB51514-DDCF-40B6-85E0-5FE29A121E2E}.Debug|Any CPU.Build.0 = Debug|Any CPU
		{2BB51514-DDCF-40B6-85E0-5FE29A121E2E}.Debug|x64.ActiveCfg = Debug|Any CPU
		{2BB51514-DDCF-40B6-85E0-5FE29A121E2E}.Debug|x64.Build.0 = Debug|Any CPU
		{2BB51514-DDCF-40B6-85E0-5FE29A121E2E}.Debug|x86.ActiveCfg = Debug|Any CPU
		{2BB51514-DDCF-40B6-85E0-5FE29A121E2E}.Debug|x86.Build.0 = Debug|Any CPU
		{2BB51514-DDCF-40B6-85E0-5FE29A121E2E}.Release|Any CPU.ActiveCfg = Release|Any CPU
		{2BB51514-DDCF-40B6-85E0-5FE29A121E2E}.Release|Any CPU.Build.0 = Release|Any CPU
		{2BB51514-DDCF-40B6-85E0-5FE29A121E2E}.Release|x64.ActiveCfg = Release|Any CPU
		{2BB51514-DDCF-40B6-85E0-5FE29A121E2E}.Release|x64.Build.0 = Release|Any CPU
		{2BB51514-DDCF-40B6-85E0-5FE29A121E2E}.Release|x86.ActiveCfg = Release|Any CPU
		{2BB51514-DDCF-40B6-85E0-5FE29A121E2E}.Release|x86.Build.0 = Release|Any CPU
		{F593DF61-CA9B-43B5-978E-46A42A0FB465}.Debug|Any CPU.ActiveCfg = Debug|Any CPU
		{F593DF61-CA9B-43B5-978E-46A42A0FB465}.Debug|Any CPU.Build.0 = Debug|Any CPU
		{F593DF61-CA9B-43B5-978E-46A42A0FB465}.Debug|x64.ActiveCfg = Debug|Any CPU
		{F593DF61-CA9B-43B5-978E-46A42A0FB465}.Debug|x64.Build.0 = Debug|Any CPU
		{F593DF61-CA9B-43B5-978E-46A42A0FB465}.Debug|x86.ActiveCfg = Debug|Any CPU
		{F593DF61-CA9B-43B5-978E-46A42A0FB465}.Debug|x86.Build.0 = Debug|Any CPU
		{F593DF61-CA9B-43B5-978E-46A42A0FB465}.Release|Any CPU.ActiveCfg = Release|Any CPU
		{F593DF61-CA9B-43B5-978E-46A42A0FB465}.Release|Any CPU.Build.0 = Release|Any CPU
		{F593DF61-CA9B-43B5-978E-46A42A0FB465}.Release|x64.ActiveCfg = Release|Any CPU
		{F593DF61-CA9B-43B5-978E-46A42A0FB465}.Release|x64.Build.0 = Release|Any CPU
		{F593DF61-CA9B-43B5-978E-46A42A0FB465}.Release|x86.ActiveCfg = Release|Any CPU
		{F593DF61-CA9B-43B5-978E-46A42A0FB465}.Release|x86.Build.0 = Release|Any CPU
		{C5CDE3ED-50BC-4570-A33C-CFAC7C462F2C}.Debug|Any CPU.ActiveCfg = Debug|Any CPU
		{C5CDE3ED-50BC-4570-A33C-CFAC7C462F2C}.Debug|Any CPU.Build.0 = Debug|Any CPU
		{C5CDE3ED-50BC-4570-A33C-CFAC7C462F2C}.Debug|x64.ActiveCfg = Debug|Any CPU
		{C5CDE3ED-50BC-4570-A33C-CFAC7C462F2C}.Debug|x64.Build.0 = Debug|Any CPU
		{C5CDE3ED-50BC-4570-A33C-CFAC7C462F2C}.Debug|x86.ActiveCfg = Debug|Any CPU
		{C5CDE3ED-50BC-4570-A33C-CFAC7C462F2C}.Debug|x86.Build.0 = Debug|Any CPU
		{C5CDE3ED-50BC-4570-A33C-CFAC7C462F2C}.Release|Any CPU.ActiveCfg = Release|Any CPU
		{C5CDE3ED-50BC-4570-A33C-CFAC7C462F2C}.Release|Any CPU.Build.0 = Release|Any CPU
		{C5CDE3ED-50BC-4570-A33C-CFAC7C462F2C}.Release|x64.ActiveCfg = Release|Any CPU
		{C5CDE3ED-50BC-4570-A33C-CFAC7C462F2C}.Release|x64.Build.0 = Release|Any CPU
		{C5CDE3ED-50BC-4570-A33C-CFAC7C462F2C}.Release|x86.ActiveCfg = Release|Any CPU
		{C5CDE3ED-50BC-4570-A33C-CFAC7C462F2C}.Release|x86.Build.0 = Release|Any CPU
		{D8508516-D67F-45B9-ABEB-A7528A51EE7A}.Debug|Any CPU.ActiveCfg = Debug|Any CPU
		{D8508516-D67F-45B9-ABEB-A7528A51EE7A}.Debug|Any CPU.Build.0 = Debug|Any CPU
		{D8508516-D67F-45B9-ABEB-A7528A51EE7A}.Debug|x64.ActiveCfg = Debug|Any CPU
		{D8508516-D67F-45B9-ABEB-A7528A51EE7A}.Debug|x64.Build.0 = Debug|Any CPU
		{D8508516-D67F-45B9-ABEB-A7528A51EE7A}.Debug|x86.ActiveCfg = Debug|Any CPU
		{D8508516-D67F-45B9-ABEB-A7528A51EE7A}.Debug|x86.Build.0 = Debug|Any CPU
		{D8508516-D67F-45B9-ABEB-A7528A51EE7A}.Release|Any CPU.ActiveCfg = Release|Any CPU
		{D8508516-D67F-45B9-ABEB-A7528A51EE7A}.Release|Any CPU.Build.0 = Release|Any CPU
		{D8508516-D67F-45B9-ABEB-A7528A51EE7A}.Release|x64.ActiveCfg = Release|Any CPU
		{D8508516-D67F-45B9-ABEB-A7528A51EE7A}.Release|x64.Build.0 = Release|Any CPU
		{D8508516-D67F-45B9-ABEB-A7528A51EE7A}.Release|x86.ActiveCfg = Release|Any CPU
		{D8508516-D67F-45B9-ABEB-A7528A51EE7A}.Release|x86.Build.0 = Release|Any CPU
		{DCB66493-D74E-47B6-888B-4A6B45C777FA}.Debug|Any CPU.ActiveCfg = Debug|Any CPU
		{DCB66493-D74E-47B6-888B-4A6B45C777FA}.Debug|Any CPU.Build.0 = Debug|Any CPU
		{DCB66493-D74E-47B6-888B-4A6B45C777FA}.Debug|x64.ActiveCfg = Debug|Any CPU
		{DCB66493-D74E-47B6-888B-4A6B45C777FA}.Debug|x64.Build.0 = Debug|Any CPU
		{DCB66493-D74E-47B6-888B-4A6B45C777FA}.Debug|x86.ActiveCfg = Debug|Any CPU
		{DCB66493-D74E-47B6-888B-4A6B45C777FA}.Debug|x86.Build.0 = Debug|Any CPU
		{DCB66493-D74E-47B6-888B-4A6B45C777FA}.Release|Any CPU.ActiveCfg = Release|Any CPU
		{DCB66493-D74E-47B6-888B-4A6B45C777FA}.Release|Any CPU.Build.0 = Release|Any CPU
		{DCB66493-D74E-47B6-888B-4A6B45C777FA}.Release|x64.ActiveCfg = Release|Any CPU
		{DCB66493-D74E-47B6-888B-4A6B45C777FA}.Release|x64.Build.0 = Release|Any CPU
		{DCB66493-D74E-47B6-888B-4A6B45C777FA}.Release|x86.ActiveCfg = Release|Any CPU
		{DCB66493-D74E-47B6-888B-4A6B45C777FA}.Release|x86.Build.0 = Release|Any CPU
		{306FECE8-4419-4451-984E-51576A86CDEF}.Debug|Any CPU.ActiveCfg = Debug|Any CPU
		{306FECE8-4419-4451-984E-51576A86CDEF}.Debug|Any CPU.Build.0 = Debug|Any CPU
		{306FECE8-4419-4451-984E-51576A86CDEF}.Debug|x64.ActiveCfg = Debug|Any CPU
		{306FECE8-4419-4451-984E-51576A86CDEF}.Debug|x64.Build.0 = Debug|Any CPU
		{306FECE8-4419-4451-984E-51576A86CDEF}.Debug|x86.ActiveCfg = Debug|Any CPU
		{306FECE8-4419-4451-984E-51576A86CDEF}.Debug|x86.Build.0 = Debug|Any CPU
		{306FECE8-4419-4451-984E-51576A86CDEF}.Release|Any CPU.ActiveCfg = Release|Any CPU
		{306FECE8-4419-4451-984E-51576A86CDEF}.Release|Any CPU.Build.0 = Release|Any CPU
		{306FECE8-4419-4451-984E-51576A86CDEF}.Release|x64.ActiveCfg = Release|Any CPU
		{306FECE8-4419-4451-984E-51576A86CDEF}.Release|x64.Build.0 = Release|Any CPU
		{306FECE8-4419-4451-984E-51576A86CDEF}.Release|x86.ActiveCfg = Release|Any CPU
		{306FECE8-4419-4451-984E-51576A86CDEF}.Release|x86.Build.0 = Release|Any CPU
		{2C9D12AC-9537-41DC-B15F-0F24F49A587C}.Debug|Any CPU.ActiveCfg = Debug|Any CPU
		{2C9D12AC-9537-41DC-B15F-0F24F49A587C}.Debug|Any CPU.Build.0 = Debug|Any CPU
		{2C9D12AC-9537-41DC-B15F-0F24F49A587C}.Debug|x64.ActiveCfg = Debug|Any CPU
		{2C9D12AC-9537-41DC-B15F-0F24F49A587C}.Debug|x64.Build.0 = Debug|Any CPU
		{2C9D12AC-9537-41DC-B15F-0F24F49A587C}.Debug|x86.ActiveCfg = Debug|Any CPU
		{2C9D12AC-9537-41DC-B15F-0F24F49A587C}.Debug|x86.Build.0 = Debug|Any CPU
		{2C9D12AC-9537-41DC-B15F-0F24F49A587C}.Release|Any CPU.ActiveCfg = Release|Any CPU
		{2C9D12AC-9537-41DC-B15F-0F24F49A587C}.Release|Any CPU.Build.0 = Release|Any CPU
		{2C9D12AC-9537-41DC-B15F-0F24F49A587C}.Release|x64.ActiveCfg = Release|Any CPU
		{2C9D12AC-9537-41DC-B15F-0F24F49A587C}.Release|x64.Build.0 = Release|Any CPU
		{2C9D12AC-9537-41DC-B15F-0F24F49A587C}.Release|x86.ActiveCfg = Release|Any CPU
		{2C9D12AC-9537-41DC-B15F-0F24F49A587C}.Release|x86.Build.0 = Release|Any CPU
		{273ECAA1-682C-49D9-B8FC-1042FDE3C9DC}.Debug|Any CPU.ActiveCfg = Debug|Any CPU
		{273ECAA1-682C-49D9-B8FC-1042FDE3C9DC}.Debug|Any CPU.Build.0 = Debug|Any CPU
		{273ECAA1-682C-49D9-B8FC-1042FDE3C9DC}.Debug|x64.ActiveCfg = Debug|Any CPU
		{273ECAA1-682C-49D9-B8FC-1042FDE3C9DC}.Debug|x64.Build.0 = Debug|Any CPU
		{273ECAA1-682C-49D9-B8FC-1042FDE3C9DC}.Debug|x86.ActiveCfg = Debug|Any CPU
		{273ECAA1-682C-49D9-B8FC-1042FDE3C9DC}.Debug|x86.Build.0 = Debug|Any CPU
		{273ECAA1-682C-49D9-B8FC-1042FDE3C9DC}.Release|Any CPU.ActiveCfg = Release|Any CPU
		{273ECAA1-682C-49D9-B8FC-1042FDE3C9DC}.Release|Any CPU.Build.0 = Release|Any CPU
		{273ECAA1-682C-49D9-B8FC-1042FDE3C9DC}.Release|x64.ActiveCfg = Release|Any CPU
		{273ECAA1-682C-49D9-B8FC-1042FDE3C9DC}.Release|x64.Build.0 = Release|Any CPU
		{273ECAA1-682C-49D9-B8FC-1042FDE3C9DC}.Release|x86.ActiveCfg = Release|Any CPU
		{273ECAA1-682C-49D9-B8FC-1042FDE3C9DC}.Release|x86.Build.0 = Release|Any CPU
		{1F676747-94CA-48CC-9C48-9EA79277EDE9}.Debug|Any CPU.ActiveCfg = Debug|Any CPU
		{1F676747-94CA-48CC-9C48-9EA79277EDE9}.Debug|Any CPU.Build.0 = Debug|Any CPU
		{1F676747-94CA-48CC-9C48-9EA79277EDE9}.Debug|x64.ActiveCfg = Debug|Any CPU
		{1F676747-94CA-48CC-9C48-9EA79277EDE9}.Debug|x64.Build.0 = Debug|Any CPU
		{1F676747-94CA-48CC-9C48-9EA79277EDE9}.Debug|x86.ActiveCfg = Debug|Any CPU
		{1F676747-94CA-48CC-9C48-9EA79277EDE9}.Debug|x86.Build.0 = Debug|Any CPU
		{1F676747-94CA-48CC-9C48-9EA79277EDE9}.Release|Any CPU.ActiveCfg = Release|Any CPU
		{1F676747-94CA-48CC-9C48-9EA79277EDE9}.Release|Any CPU.Build.0 = Release|Any CPU
		{1F676747-94CA-48CC-9C48-9EA79277EDE9}.Release|x64.ActiveCfg = Release|Any CPU
		{1F676747-94CA-48CC-9C48-9EA79277EDE9}.Release|x64.Build.0 = Release|Any CPU
		{1F676747-94CA-48CC-9C48-9EA79277EDE9}.Release|x86.ActiveCfg = Release|Any CPU
		{1F676747-94CA-48CC-9C48-9EA79277EDE9}.Release|x86.Build.0 = Release|Any CPU
		{03F10079-3A61-4056-BD6F-AAC17D5904E1}.Debug|Any CPU.ActiveCfg = Debug|Any CPU
		{03F10079-3A61-4056-BD6F-AAC17D5904E1}.Debug|Any CPU.Build.0 = Debug|Any CPU
		{03F10079-3A61-4056-BD6F-AAC17D5904E1}.Debug|x64.ActiveCfg = Debug|Any CPU
		{03F10079-3A61-4056-BD6F-AAC17D5904E1}.Debug|x64.Build.0 = Debug|Any CPU
		{03F10079-3A61-4056-BD6F-AAC17D5904E1}.Debug|x86.ActiveCfg = Debug|Any CPU
		{03F10079-3A61-4056-BD6F-AAC17D5904E1}.Debug|x86.Build.0 = Debug|Any CPU
		{03F10079-3A61-4056-BD6F-AAC17D5904E1}.Release|Any CPU.ActiveCfg = Release|Any CPU
		{03F10079-3A61-4056-BD6F-AAC17D5904E1}.Release|Any CPU.Build.0 = Release|Any CPU
		{03F10079-3A61-4056-BD6F-AAC17D5904E1}.Release|x64.ActiveCfg = Release|Any CPU
		{03F10079-3A61-4056-BD6F-AAC17D5904E1}.Release|x64.Build.0 = Release|Any CPU
		{03F10079-3A61-4056-BD6F-AAC17D5904E1}.Release|x86.ActiveCfg = Release|Any CPU
		{03F10079-3A61-4056-BD6F-AAC17D5904E1}.Release|x86.Build.0 = Release|Any CPU
		{DF51356A-51BA-4647-9CA2-0BAF66DD787E}.Debug|Any CPU.ActiveCfg = Debug|Any CPU
		{DF51356A-51BA-4647-9CA2-0BAF66DD787E}.Debug|Any CPU.Build.0 = Debug|Any CPU
		{DF51356A-51BA-4647-9CA2-0BAF66DD787E}.Debug|x64.ActiveCfg = Debug|Any CPU
		{DF51356A-51BA-4647-9CA2-0BAF66DD787E}.Debug|x64.Build.0 = Debug|Any CPU
		{DF51356A-51BA-4647-9CA2-0BAF66DD787E}.Debug|x86.ActiveCfg = Debug|Any CPU
		{DF51356A-51BA-4647-9CA2-0BAF66DD787E}.Debug|x86.Build.0 = Debug|Any CPU
		{DF51356A-51BA-4647-9CA2-0BAF66DD787E}.Release|Any CPU.ActiveCfg = Release|Any CPU
		{DF51356A-51BA-4647-9CA2-0BAF66DD787E}.Release|Any CPU.Build.0 = Release|Any CPU
		{DF51356A-51BA-4647-9CA2-0BAF66DD787E}.Release|x64.ActiveCfg = Release|Any CPU
		{DF51356A-51BA-4647-9CA2-0BAF66DD787E}.Release|x64.Build.0 = Release|Any CPU
		{DF51356A-51BA-4647-9CA2-0BAF66DD787E}.Release|x86.ActiveCfg = Release|Any CPU
		{DF51356A-51BA-4647-9CA2-0BAF66DD787E}.Release|x86.Build.0 = Release|Any CPU
		{B788E73E-7732-461A-A7CE-3D91CC9FDC16}.Debug|Any CPU.ActiveCfg = Debug|Any CPU
		{B788E73E-7732-461A-A7CE-3D91CC9FDC16}.Debug|Any CPU.Build.0 = Debug|Any CPU
		{B788E73E-7732-461A-A7CE-3D91CC9FDC16}.Debug|x64.ActiveCfg = Debug|Any CPU
		{B788E73E-7732-461A-A7CE-3D91CC9FDC16}.Debug|x64.Build.0 = Debug|Any CPU
		{B788E73E-7732-461A-A7CE-3D91CC9FDC16}.Debug|x86.ActiveCfg = Debug|Any CPU
		{B788E73E-7732-461A-A7CE-3D91CC9FDC16}.Debug|x86.Build.0 = Debug|Any CPU
		{B788E73E-7732-461A-A7CE-3D91CC9FDC16}.Release|Any CPU.ActiveCfg = Release|Any CPU
		{B788E73E-7732-461A-A7CE-3D91CC9FDC16}.Release|Any CPU.Build.0 = Release|Any CPU
		{B788E73E-7732-461A-A7CE-3D91CC9FDC16}.Release|x64.ActiveCfg = Release|Any CPU
		{B788E73E-7732-461A-A7CE-3D91CC9FDC16}.Release|x64.Build.0 = Release|Any CPU
		{B788E73E-7732-461A-A7CE-3D91CC9FDC16}.Release|x86.ActiveCfg = Release|Any CPU
		{B788E73E-7732-461A-A7CE-3D91CC9FDC16}.Release|x86.Build.0 = Release|Any CPU
		{FB355E1B-949D-491D-9F5D-DDA8881583F4}.Debug|Any CPU.ActiveCfg = Debug|x86
		{FB355E1B-949D-491D-9F5D-DDA8881583F4}.Debug|x64.ActiveCfg = Debug|x86
		{FB355E1B-949D-491D-9F5D-DDA8881583F4}.Debug|x86.ActiveCfg = Debug|x86
		{FB355E1B-949D-491D-9F5D-DDA8881583F4}.Debug|x86.Build.0 = Debug|x86
		{FB355E1B-949D-491D-9F5D-DDA8881583F4}.Release|Any CPU.ActiveCfg = Release|x86
		{FB355E1B-949D-491D-9F5D-DDA8881583F4}.Release|x64.ActiveCfg = Release|x86
		{FB355E1B-949D-491D-9F5D-DDA8881583F4}.Release|x86.ActiveCfg = Release|x86
		{FB355E1B-949D-491D-9F5D-DDA8881583F4}.Release|x86.Build.0 = Release|x86
		{9E3EE28E-3BC6-4E12-9BA6-5DED08EE814F}.Debug|Any CPU.ActiveCfg = Debug|Any CPU
		{9E3EE28E-3BC6-4E12-9BA6-5DED08EE814F}.Debug|Any CPU.Build.0 = Debug|Any CPU
		{9E3EE28E-3BC6-4E12-9BA6-5DED08EE814F}.Debug|x64.ActiveCfg = Debug|Any CPU
		{9E3EE28E-3BC6-4E12-9BA6-5DED08EE814F}.Debug|x64.Build.0 = Debug|Any CPU
		{9E3EE28E-3BC6-4E12-9BA6-5DED08EE814F}.Debug|x86.ActiveCfg = Debug|Any CPU
		{9E3EE28E-3BC6-4E12-9BA6-5DED08EE814F}.Debug|x86.Build.0 = Debug|Any CPU
		{9E3EE28E-3BC6-4E12-9BA6-5DED08EE814F}.Release|Any CPU.ActiveCfg = Release|Any CPU
		{9E3EE28E-3BC6-4E12-9BA6-5DED08EE814F}.Release|Any CPU.Build.0 = Release|Any CPU
		{9E3EE28E-3BC6-4E12-9BA6-5DED08EE814F}.Release|x64.ActiveCfg = Release|Any CPU
		{9E3EE28E-3BC6-4E12-9BA6-5DED08EE814F}.Release|x64.Build.0 = Release|Any CPU
		{9E3EE28E-3BC6-4E12-9BA6-5DED08EE814F}.Release|x86.ActiveCfg = Release|Any CPU
		{9E3EE28E-3BC6-4E12-9BA6-5DED08EE814F}.Release|x86.Build.0 = Release|Any CPU
		{533728C2-D451-4FBD-A79B-A63A44C06182}.Debug|Any CPU.ActiveCfg = Debug|Any CPU
		{533728C2-D451-4FBD-A79B-A63A44C06182}.Debug|Any CPU.Build.0 = Debug|Any CPU
		{533728C2-D451-4FBD-A79B-A63A44C06182}.Debug|x64.ActiveCfg = Debug|Any CPU
		{533728C2-D451-4FBD-A79B-A63A44C06182}.Debug|x64.Build.0 = Debug|Any CPU
		{533728C2-D451-4FBD-A79B-A63A44C06182}.Debug|x86.ActiveCfg = Debug|Any CPU
		{533728C2-D451-4FBD-A79B-A63A44C06182}.Debug|x86.Build.0 = Debug|Any CPU
		{533728C2-D451-4FBD-A79B-A63A44C06182}.Release|Any CPU.ActiveCfg = Release|Any CPU
		{533728C2-D451-4FBD-A79B-A63A44C06182}.Release|Any CPU.Build.0 = Release|Any CPU
		{533728C2-D451-4FBD-A79B-A63A44C06182}.Release|x64.ActiveCfg = Release|Any CPU
		{533728C2-D451-4FBD-A79B-A63A44C06182}.Release|x64.Build.0 = Release|Any CPU
		{533728C2-D451-4FBD-A79B-A63A44C06182}.Release|x86.ActiveCfg = Release|Any CPU
		{533728C2-D451-4FBD-A79B-A63A44C06182}.Release|x86.Build.0 = Release|Any CPU
		{6129AD39-9550-4A99-B187-A90F0E2C9A15}.Debug|Any CPU.ActiveCfg = Debug|Any CPU
		{6129AD39-9550-4A99-B187-A90F0E2C9A15}.Debug|Any CPU.Build.0 = Debug|Any CPU
		{6129AD39-9550-4A99-B187-A90F0E2C9A15}.Debug|x64.ActiveCfg = Debug|Any CPU
		{6129AD39-9550-4A99-B187-A90F0E2C9A15}.Debug|x64.Build.0 = Debug|Any CPU
		{6129AD39-9550-4A99-B187-A90F0E2C9A15}.Debug|x86.ActiveCfg = Debug|Any CPU
		{6129AD39-9550-4A99-B187-A90F0E2C9A15}.Debug|x86.Build.0 = Debug|Any CPU
		{6129AD39-9550-4A99-B187-A90F0E2C9A15}.Release|Any CPU.ActiveCfg = Release|Any CPU
		{6129AD39-9550-4A99-B187-A90F0E2C9A15}.Release|Any CPU.Build.0 = Release|Any CPU
		{6129AD39-9550-4A99-B187-A90F0E2C9A15}.Release|x64.ActiveCfg = Release|Any CPU
		{6129AD39-9550-4A99-B187-A90F0E2C9A15}.Release|x64.Build.0 = Release|Any CPU
		{6129AD39-9550-4A99-B187-A90F0E2C9A15}.Release|x86.ActiveCfg = Release|Any CPU
		{6129AD39-9550-4A99-B187-A90F0E2C9A15}.Release|x86.Build.0 = Release|Any CPU
		{E6D4677F-4F7A-4EEF-939F-1E003F48E86D}.Debug|Any CPU.ActiveCfg = Debug|Any CPU
		{E6D4677F-4F7A-4EEF-939F-1E003F48E86D}.Debug|Any CPU.Build.0 = Debug|Any CPU
		{E6D4677F-4F7A-4EEF-939F-1E003F48E86D}.Debug|x64.ActiveCfg = Debug|Any CPU
		{E6D4677F-4F7A-4EEF-939F-1E003F48E86D}.Debug|x64.Build.0 = Debug|Any CPU
		{E6D4677F-4F7A-4EEF-939F-1E003F48E86D}.Debug|x86.ActiveCfg = Debug|Any CPU
		{E6D4677F-4F7A-4EEF-939F-1E003F48E86D}.Debug|x86.Build.0 = Debug|Any CPU
		{E6D4677F-4F7A-4EEF-939F-1E003F48E86D}.Release|Any CPU.ActiveCfg = Release|Any CPU
		{E6D4677F-4F7A-4EEF-939F-1E003F48E86D}.Release|Any CPU.Build.0 = Release|Any CPU
		{E6D4677F-4F7A-4EEF-939F-1E003F48E86D}.Release|x64.ActiveCfg = Release|Any CPU
		{E6D4677F-4F7A-4EEF-939F-1E003F48E86D}.Release|x64.Build.0 = Release|Any CPU
		{E6D4677F-4F7A-4EEF-939F-1E003F48E86D}.Release|x86.ActiveCfg = Release|Any CPU
		{E6D4677F-4F7A-4EEF-939F-1E003F48E86D}.Release|x86.Build.0 = Release|Any CPU
		{BCCBA01C-E9CB-4416-8F8A-12CFE4715631}.Debug|Any CPU.ActiveCfg = Debug|Any CPU
		{BCCBA01C-E9CB-4416-8F8A-12CFE4715631}.Debug|Any CPU.Build.0 = Debug|Any CPU
		{BCCBA01C-E9CB-4416-8F8A-12CFE4715631}.Debug|x64.ActiveCfg = Debug|Any CPU
		{BCCBA01C-E9CB-4416-8F8A-12CFE4715631}.Debug|x64.Build.0 = Debug|Any CPU
		{BCCBA01C-E9CB-4416-8F8A-12CFE4715631}.Debug|x86.ActiveCfg = Debug|Any CPU
		{BCCBA01C-E9CB-4416-8F8A-12CFE4715631}.Debug|x86.Build.0 = Debug|Any CPU
		{BCCBA01C-E9CB-4416-8F8A-12CFE4715631}.Release|Any CPU.ActiveCfg = Release|Any CPU
		{BCCBA01C-E9CB-4416-8F8A-12CFE4715631}.Release|Any CPU.Build.0 = Release|Any CPU
		{BCCBA01C-E9CB-4416-8F8A-12CFE4715631}.Release|x64.ActiveCfg = Release|Any CPU
		{BCCBA01C-E9CB-4416-8F8A-12CFE4715631}.Release|x64.Build.0 = Release|Any CPU
		{BCCBA01C-E9CB-4416-8F8A-12CFE4715631}.Release|x86.ActiveCfg = Release|Any CPU
		{BCCBA01C-E9CB-4416-8F8A-12CFE4715631}.Release|x86.Build.0 = Release|Any CPU
		{4954B34A-D794-4121-9C7E-E49F91881BB1}.Debug|Any CPU.ActiveCfg = Debug|Any CPU
		{4954B34A-D794-4121-9C7E-E49F91881BB1}.Debug|Any CPU.Build.0 = Debug|Any CPU
		{4954B34A-D794-4121-9C7E-E49F91881BB1}.Debug|x64.ActiveCfg = Debug|Any CPU
		{4954B34A-D794-4121-9C7E-E49F91881BB1}.Debug|x64.Build.0 = Debug|Any CPU
		{4954B34A-D794-4121-9C7E-E49F91881BB1}.Debug|x86.ActiveCfg = Debug|Any CPU
		{4954B34A-D794-4121-9C7E-E49F91881BB1}.Debug|x86.Build.0 = Debug|Any CPU
		{4954B34A-D794-4121-9C7E-E49F91881BB1}.Release|Any CPU.ActiveCfg = Release|Any CPU
		{4954B34A-D794-4121-9C7E-E49F91881BB1}.Release|Any CPU.Build.0 = Release|Any CPU
		{4954B34A-D794-4121-9C7E-E49F91881BB1}.Release|x64.ActiveCfg = Release|Any CPU
		{4954B34A-D794-4121-9C7E-E49F91881BB1}.Release|x64.Build.0 = Release|Any CPU
		{4954B34A-D794-4121-9C7E-E49F91881BB1}.Release|x86.ActiveCfg = Release|Any CPU
		{4954B34A-D794-4121-9C7E-E49F91881BB1}.Release|x86.Build.0 = Release|Any CPU
		{D1A78805-A3A9-4C6E-A18D-3A470EF02B27}.Debug|Any CPU.ActiveCfg = Debug|Any CPU
		{D1A78805-A3A9-4C6E-A18D-3A470EF02B27}.Debug|Any CPU.Build.0 = Debug|Any CPU
		{D1A78805-A3A9-4C6E-A18D-3A470EF02B27}.Debug|x64.ActiveCfg = Debug|Any CPU
		{D1A78805-A3A9-4C6E-A18D-3A470EF02B27}.Debug|x64.Build.0 = Debug|Any CPU
		{D1A78805-A3A9-4C6E-A18D-3A470EF02B27}.Debug|x86.ActiveCfg = Debug|Any CPU
		{D1A78805-A3A9-4C6E-A18D-3A470EF02B27}.Debug|x86.Build.0 = Debug|Any CPU
		{D1A78805-A3A9-4C6E-A18D-3A470EF02B27}.Release|Any CPU.ActiveCfg = Release|Any CPU
		{D1A78805-A3A9-4C6E-A18D-3A470EF02B27}.Release|Any CPU.Build.0 = Release|Any CPU
		{D1A78805-A3A9-4C6E-A18D-3A470EF02B27}.Release|x64.ActiveCfg = Release|Any CPU
		{D1A78805-A3A9-4C6E-A18D-3A470EF02B27}.Release|x64.Build.0 = Release|Any CPU
		{D1A78805-A3A9-4C6E-A18D-3A470EF02B27}.Release|x86.ActiveCfg = Release|Any CPU
		{D1A78805-A3A9-4C6E-A18D-3A470EF02B27}.Release|x86.Build.0 = Release|Any CPU
		{46EE695F-407B-424B-BB57-3334413DB13E}.Debug|Any CPU.ActiveCfg = Debug|Any CPU
		{46EE695F-407B-424B-BB57-3334413DB13E}.Debug|Any CPU.Build.0 = Debug|Any CPU
		{46EE695F-407B-424B-BB57-3334413DB13E}.Debug|x64.ActiveCfg = Debug|Any CPU
		{46EE695F-407B-424B-BB57-3334413DB13E}.Debug|x64.Build.0 = Debug|Any CPU
		{46EE695F-407B-424B-BB57-3334413DB13E}.Debug|x86.ActiveCfg = Debug|Any CPU
		{46EE695F-407B-424B-BB57-3334413DB13E}.Debug|x86.Build.0 = Debug|Any CPU
		{46EE695F-407B-424B-BB57-3334413DB13E}.Release|Any CPU.ActiveCfg = Release|Any CPU
		{46EE695F-407B-424B-BB57-3334413DB13E}.Release|Any CPU.Build.0 = Release|Any CPU
		{46EE695F-407B-424B-BB57-3334413DB13E}.Release|x64.ActiveCfg = Release|Any CPU
		{46EE695F-407B-424B-BB57-3334413DB13E}.Release|x64.Build.0 = Release|Any CPU
		{46EE695F-407B-424B-BB57-3334413DB13E}.Release|x86.ActiveCfg = Release|Any CPU
		{46EE695F-407B-424B-BB57-3334413DB13E}.Release|x86.Build.0 = Release|Any CPU
		{1356B45C-9256-4231-B665-6DF00C986DE2}.Debug|Any CPU.ActiveCfg = Debug|Any CPU
		{1356B45C-9256-4231-B665-6DF00C986DE2}.Debug|Any CPU.Build.0 = Debug|Any CPU
		{1356B45C-9256-4231-B665-6DF00C986DE2}.Debug|x64.ActiveCfg = Debug|Any CPU
		{1356B45C-9256-4231-B665-6DF00C986DE2}.Debug|x64.Build.0 = Debug|Any CPU
		{1356B45C-9256-4231-B665-6DF00C986DE2}.Debug|x86.ActiveCfg = Debug|Any CPU
		{1356B45C-9256-4231-B665-6DF00C986DE2}.Debug|x86.Build.0 = Debug|Any CPU
		{1356B45C-9256-4231-B665-6DF00C986DE2}.Release|Any CPU.ActiveCfg = Release|Any CPU
		{1356B45C-9256-4231-B665-6DF00C986DE2}.Release|Any CPU.Build.0 = Release|Any CPU
		{1356B45C-9256-4231-B665-6DF00C986DE2}.Release|x64.ActiveCfg = Release|Any CPU
		{1356B45C-9256-4231-B665-6DF00C986DE2}.Release|x64.Build.0 = Release|Any CPU
		{1356B45C-9256-4231-B665-6DF00C986DE2}.Release|x86.ActiveCfg = Release|Any CPU
		{1356B45C-9256-4231-B665-6DF00C986DE2}.Release|x86.Build.0 = Release|Any CPU
		{E807BD40-466E-4A92-A92A-30CEDCE20EDE}.Debug|Any CPU.ActiveCfg = Debug|Any CPU
		{E807BD40-466E-4A92-A92A-30CEDCE20EDE}.Debug|Any CPU.Build.0 = Debug|Any CPU
		{E807BD40-466E-4A92-A92A-30CEDCE20EDE}.Debug|x64.ActiveCfg = Debug|Any CPU
		{E807BD40-466E-4A92-A92A-30CEDCE20EDE}.Debug|x64.Build.0 = Debug|Any CPU
		{E807BD40-466E-4A92-A92A-30CEDCE20EDE}.Debug|x86.ActiveCfg = Debug|Any CPU
		{E807BD40-466E-4A92-A92A-30CEDCE20EDE}.Debug|x86.Build.0 = Debug|Any CPU
		{E807BD40-466E-4A92-A92A-30CEDCE20EDE}.Release|Any CPU.ActiveCfg = Release|Any CPU
		{E807BD40-466E-4A92-A92A-30CEDCE20EDE}.Release|Any CPU.Build.0 = Release|Any CPU
		{E807BD40-466E-4A92-A92A-30CEDCE20EDE}.Release|x64.ActiveCfg = Release|Any CPU
		{E807BD40-466E-4A92-A92A-30CEDCE20EDE}.Release|x64.Build.0 = Release|Any CPU
		{E807BD40-466E-4A92-A92A-30CEDCE20EDE}.Release|x86.ActiveCfg = Release|Any CPU
		{E807BD40-466E-4A92-A92A-30CEDCE20EDE}.Release|x86.Build.0 = Release|Any CPU
		{5C77C32D-45D6-450E-9082-B0DD29E5D787}.Debug|Any CPU.ActiveCfg = Debug|Any CPU
		{5C77C32D-45D6-450E-9082-B0DD29E5D787}.Debug|Any CPU.Build.0 = Debug|Any CPU
		{5C77C32D-45D6-450E-9082-B0DD29E5D787}.Debug|x64.ActiveCfg = Debug|Any CPU
		{5C77C32D-45D6-450E-9082-B0DD29E5D787}.Debug|x64.Build.0 = Debug|Any CPU
		{5C77C32D-45D6-450E-9082-B0DD29E5D787}.Debug|x86.ActiveCfg = Debug|Any CPU
		{5C77C32D-45D6-450E-9082-B0DD29E5D787}.Debug|x86.Build.0 = Debug|Any CPU
		{5C77C32D-45D6-450E-9082-B0DD29E5D787}.Release|Any CPU.ActiveCfg = Release|Any CPU
		{5C77C32D-45D6-450E-9082-B0DD29E5D787}.Release|Any CPU.Build.0 = Release|Any CPU
		{5C77C32D-45D6-450E-9082-B0DD29E5D787}.Release|x64.ActiveCfg = Release|Any CPU
		{5C77C32D-45D6-450E-9082-B0DD29E5D787}.Release|x64.Build.0 = Release|Any CPU
		{5C77C32D-45D6-450E-9082-B0DD29E5D787}.Release|x86.ActiveCfg = Release|Any CPU
		{5C77C32D-45D6-450E-9082-B0DD29E5D787}.Release|x86.Build.0 = Release|Any CPU
		{B05188BB-9FD5-4BBE-9DA6-B6A4BEEF0BDE}.Debug|Any CPU.ActiveCfg = Debug|Any CPU
		{B05188BB-9FD5-4BBE-9DA6-B6A4BEEF0BDE}.Debug|Any CPU.Build.0 = Debug|Any CPU
		{B05188BB-9FD5-4BBE-9DA6-B6A4BEEF0BDE}.Debug|x64.ActiveCfg = Debug|Any CPU
		{B05188BB-9FD5-4BBE-9DA6-B6A4BEEF0BDE}.Debug|x64.Build.0 = Debug|Any CPU
		{B05188BB-9FD5-4BBE-9DA6-B6A4BEEF0BDE}.Debug|x86.ActiveCfg = Debug|Any CPU
		{B05188BB-9FD5-4BBE-9DA6-B6A4BEEF0BDE}.Debug|x86.Build.0 = Debug|Any CPU
		{B05188BB-9FD5-4BBE-9DA6-B6A4BEEF0BDE}.Release|Any CPU.ActiveCfg = Release|Any CPU
		{B05188BB-9FD5-4BBE-9DA6-B6A4BEEF0BDE}.Release|Any CPU.Build.0 = Release|Any CPU
		{B05188BB-9FD5-4BBE-9DA6-B6A4BEEF0BDE}.Release|x64.ActiveCfg = Release|Any CPU
		{B05188BB-9FD5-4BBE-9DA6-B6A4BEEF0BDE}.Release|x64.Build.0 = Release|Any CPU
		{B05188BB-9FD5-4BBE-9DA6-B6A4BEEF0BDE}.Release|x86.ActiveCfg = Release|Any CPU
		{B05188BB-9FD5-4BBE-9DA6-B6A4BEEF0BDE}.Release|x86.Build.0 = Release|Any CPU
		{741067FD-785B-4ED4-9621-983E495F4873}.Debug|Any CPU.ActiveCfg = Debug|Any CPU
		{741067FD-785B-4ED4-9621-983E495F4873}.Debug|Any CPU.Build.0 = Debug|Any CPU
		{741067FD-785B-4ED4-9621-983E495F4873}.Debug|x64.ActiveCfg = Debug|Any CPU
		{741067FD-785B-4ED4-9621-983E495F4873}.Debug|x64.Build.0 = Debug|Any CPU
		{741067FD-785B-4ED4-9621-983E495F4873}.Debug|x86.ActiveCfg = Debug|Any CPU
		{741067FD-785B-4ED4-9621-983E495F4873}.Debug|x86.Build.0 = Debug|Any CPU
		{741067FD-785B-4ED4-9621-983E495F4873}.Release|Any CPU.ActiveCfg = Release|Any CPU
		{741067FD-785B-4ED4-9621-983E495F4873}.Release|Any CPU.Build.0 = Release|Any CPU
		{741067FD-785B-4ED4-9621-983E495F4873}.Release|x64.ActiveCfg = Release|Any CPU
		{741067FD-785B-4ED4-9621-983E495F4873}.Release|x64.Build.0 = Release|Any CPU
		{741067FD-785B-4ED4-9621-983E495F4873}.Release|x86.ActiveCfg = Release|Any CPU
		{741067FD-785B-4ED4-9621-983E495F4873}.Release|x86.Build.0 = Release|Any CPU
		{ABDB528B-233C-498D-8B79-5A6611ABEE8F}.Debug|Any CPU.ActiveCfg = Debug|Any CPU
		{ABDB528B-233C-498D-8B79-5A6611ABEE8F}.Debug|Any CPU.Build.0 = Debug|Any CPU
		{ABDB528B-233C-498D-8B79-5A6611ABEE8F}.Debug|x64.ActiveCfg = Debug|Any CPU
		{ABDB528B-233C-498D-8B79-5A6611ABEE8F}.Debug|x64.Build.0 = Debug|Any CPU
		{ABDB528B-233C-498D-8B79-5A6611ABEE8F}.Debug|x86.ActiveCfg = Debug|Any CPU
		{ABDB528B-233C-498D-8B79-5A6611ABEE8F}.Debug|x86.Build.0 = Debug|Any CPU
		{ABDB528B-233C-498D-8B79-5A6611ABEE8F}.Release|Any CPU.ActiveCfg = Release|Any CPU
		{ABDB528B-233C-498D-8B79-5A6611ABEE8F}.Release|Any CPU.Build.0 = Release|Any CPU
		{ABDB528B-233C-498D-8B79-5A6611ABEE8F}.Release|x64.ActiveCfg = Release|Any CPU
		{ABDB528B-233C-498D-8B79-5A6611ABEE8F}.Release|x64.Build.0 = Release|Any CPU
		{ABDB528B-233C-498D-8B79-5A6611ABEE8F}.Release|x86.ActiveCfg = Release|Any CPU
		{ABDB528B-233C-498D-8B79-5A6611ABEE8F}.Release|x86.Build.0 = Release|Any CPU
		{B84052C0-8953-4C74-9C87-4C7727579D75}.Debug|Any CPU.ActiveCfg = Debug|Any CPU
		{B84052C0-8953-4C74-9C87-4C7727579D75}.Debug|Any CPU.Build.0 = Debug|Any CPU
		{B84052C0-8953-4C74-9C87-4C7727579D75}.Debug|x64.ActiveCfg = Debug|Any CPU
		{B84052C0-8953-4C74-9C87-4C7727579D75}.Debug|x64.Build.0 = Debug|Any CPU
		{B84052C0-8953-4C74-9C87-4C7727579D75}.Debug|x86.ActiveCfg = Debug|Any CPU
		{B84052C0-8953-4C74-9C87-4C7727579D75}.Debug|x86.Build.0 = Debug|Any CPU
		{B84052C0-8953-4C74-9C87-4C7727579D75}.Release|Any CPU.ActiveCfg = Release|Any CPU
		{B84052C0-8953-4C74-9C87-4C7727579D75}.Release|Any CPU.Build.0 = Release|Any CPU
		{B84052C0-8953-4C74-9C87-4C7727579D75}.Release|x64.ActiveCfg = Release|Any CPU
		{B84052C0-8953-4C74-9C87-4C7727579D75}.Release|x64.Build.0 = Release|Any CPU
		{B84052C0-8953-4C74-9C87-4C7727579D75}.Release|x86.ActiveCfg = Release|Any CPU
		{B84052C0-8953-4C74-9C87-4C7727579D75}.Release|x86.Build.0 = Release|Any CPU
		{8AC900DE-601E-4E91-A20C-5D3AB8A554C1}.Debug|Any CPU.ActiveCfg = Debug|Any CPU
		{8AC900DE-601E-4E91-A20C-5D3AB8A554C1}.Debug|Any CPU.Build.0 = Debug|Any CPU
		{8AC900DE-601E-4E91-A20C-5D3AB8A554C1}.Debug|x64.ActiveCfg = Debug|Any CPU
		{8AC900DE-601E-4E91-A20C-5D3AB8A554C1}.Debug|x64.Build.0 = Debug|Any CPU
		{8AC900DE-601E-4E91-A20C-5D3AB8A554C1}.Debug|x86.ActiveCfg = Debug|Any CPU
		{8AC900DE-601E-4E91-A20C-5D3AB8A554C1}.Debug|x86.Build.0 = Debug|Any CPU
		{8AC900DE-601E-4E91-A20C-5D3AB8A554C1}.Release|Any CPU.ActiveCfg = Release|Any CPU
		{8AC900DE-601E-4E91-A20C-5D3AB8A554C1}.Release|Any CPU.Build.0 = Release|Any CPU
		{8AC900DE-601E-4E91-A20C-5D3AB8A554C1}.Release|x64.ActiveCfg = Release|Any CPU
		{8AC900DE-601E-4E91-A20C-5D3AB8A554C1}.Release|x64.Build.0 = Release|Any CPU
		{8AC900DE-601E-4E91-A20C-5D3AB8A554C1}.Release|x86.ActiveCfg = Release|Any CPU
		{8AC900DE-601E-4E91-A20C-5D3AB8A554C1}.Release|x86.Build.0 = Release|Any CPU
		{A3AAB150-66F4-401F-8EE3-6370A424F564}.Debug|Any CPU.ActiveCfg = Debug|Any CPU
		{A3AAB150-66F4-401F-8EE3-6370A424F564}.Debug|Any CPU.Build.0 = Debug|Any CPU
		{A3AAB150-66F4-401F-8EE3-6370A424F564}.Debug|x64.ActiveCfg = Debug|Any CPU
		{A3AAB150-66F4-401F-8EE3-6370A424F564}.Debug|x64.Build.0 = Debug|Any CPU
		{A3AAB150-66F4-401F-8EE3-6370A424F564}.Debug|x86.ActiveCfg = Debug|Any CPU
		{A3AAB150-66F4-401F-8EE3-6370A424F564}.Debug|x86.Build.0 = Debug|Any CPU
		{A3AAB150-66F4-401F-8EE3-6370A424F564}.Release|Any CPU.ActiveCfg = Release|Any CPU
		{A3AAB150-66F4-401F-8EE3-6370A424F564}.Release|Any CPU.Build.0 = Release|Any CPU
		{A3AAB150-66F4-401F-8EE3-6370A424F564}.Release|x64.ActiveCfg = Release|Any CPU
		{A3AAB150-66F4-401F-8EE3-6370A424F564}.Release|x64.Build.0 = Release|Any CPU
		{A3AAB150-66F4-401F-8EE3-6370A424F564}.Release|x86.ActiveCfg = Release|Any CPU
		{A3AAB150-66F4-401F-8EE3-6370A424F564}.Release|x86.Build.0 = Release|Any CPU
		{E08A01E2-C2D7-40D8-A6C7-C06D32804F91}.Debug|Any CPU.ActiveCfg = Debug|Any CPU
		{E08A01E2-C2D7-40D8-A6C7-C06D32804F91}.Debug|Any CPU.Build.0 = Debug|Any CPU
		{E08A01E2-C2D7-40D8-A6C7-C06D32804F91}.Debug|x64.ActiveCfg = Debug|Any CPU
		{E08A01E2-C2D7-40D8-A6C7-C06D32804F91}.Debug|x64.Build.0 = Debug|Any CPU
		{E08A01E2-C2D7-40D8-A6C7-C06D32804F91}.Debug|x86.ActiveCfg = Debug|Any CPU
		{E08A01E2-C2D7-40D8-A6C7-C06D32804F91}.Debug|x86.Build.0 = Debug|Any CPU
		{E08A01E2-C2D7-40D8-A6C7-C06D32804F91}.Release|Any CPU.ActiveCfg = Release|Any CPU
		{E08A01E2-C2D7-40D8-A6C7-C06D32804F91}.Release|Any CPU.Build.0 = Release|Any CPU
		{E08A01E2-C2D7-40D8-A6C7-C06D32804F91}.Release|x64.ActiveCfg = Release|Any CPU
		{E08A01E2-C2D7-40D8-A6C7-C06D32804F91}.Release|x64.Build.0 = Release|Any CPU
		{E08A01E2-C2D7-40D8-A6C7-C06D32804F91}.Release|x86.ActiveCfg = Release|Any CPU
		{E08A01E2-C2D7-40D8-A6C7-C06D32804F91}.Release|x86.Build.0 = Release|Any CPU
		{2DCE575C-1C41-4E0A-9090-52BDA28133C4}.Debug|Any CPU.ActiveCfg = Debug|Any CPU
		{2DCE575C-1C41-4E0A-9090-52BDA28133C4}.Debug|Any CPU.Build.0 = Debug|Any CPU
		{2DCE575C-1C41-4E0A-9090-52BDA28133C4}.Debug|x64.ActiveCfg = Debug|Any CPU
		{2DCE575C-1C41-4E0A-9090-52BDA28133C4}.Debug|x64.Build.0 = Debug|Any CPU
		{2DCE575C-1C41-4E0A-9090-52BDA28133C4}.Debug|x86.ActiveCfg = Debug|Any CPU
		{2DCE575C-1C41-4E0A-9090-52BDA28133C4}.Debug|x86.Build.0 = Debug|Any CPU
		{2DCE575C-1C41-4E0A-9090-52BDA28133C4}.Release|Any CPU.ActiveCfg = Release|Any CPU
		{2DCE575C-1C41-4E0A-9090-52BDA28133C4}.Release|Any CPU.Build.0 = Release|Any CPU
		{2DCE575C-1C41-4E0A-9090-52BDA28133C4}.Release|x64.ActiveCfg = Release|Any CPU
		{2DCE575C-1C41-4E0A-9090-52BDA28133C4}.Release|x64.Build.0 = Release|Any CPU
		{2DCE575C-1C41-4E0A-9090-52BDA28133C4}.Release|x86.ActiveCfg = Release|Any CPU
		{2DCE575C-1C41-4E0A-9090-52BDA28133C4}.Release|x86.Build.0 = Release|Any CPU
		{DA899513-3F4F-4690-9670-5022399D969A}.Debug|Any CPU.ActiveCfg = Debug|Any CPU
		{DA899513-3F4F-4690-9670-5022399D969A}.Debug|Any CPU.Build.0 = Debug|Any CPU
		{DA899513-3F4F-4690-9670-5022399D969A}.Debug|x64.ActiveCfg = Debug|Any CPU
		{DA899513-3F4F-4690-9670-5022399D969A}.Debug|x64.Build.0 = Debug|Any CPU
		{DA899513-3F4F-4690-9670-5022399D969A}.Debug|x86.ActiveCfg = Debug|Any CPU
		{DA899513-3F4F-4690-9670-5022399D969A}.Debug|x86.Build.0 = Debug|Any CPU
		{DA899513-3F4F-4690-9670-5022399D969A}.Release|Any CPU.ActiveCfg = Release|Any CPU
		{DA899513-3F4F-4690-9670-5022399D969A}.Release|Any CPU.Build.0 = Release|Any CPU
		{DA899513-3F4F-4690-9670-5022399D969A}.Release|x64.ActiveCfg = Release|Any CPU
		{DA899513-3F4F-4690-9670-5022399D969A}.Release|x64.Build.0 = Release|Any CPU
		{DA899513-3F4F-4690-9670-5022399D969A}.Release|x86.ActiveCfg = Release|Any CPU
		{DA899513-3F4F-4690-9670-5022399D969A}.Release|x86.Build.0 = Release|Any CPU
		{C2529682-B3FE-4525-B6E4-01A6A16376A2}.Debug|Any CPU.ActiveCfg = Debug|Any CPU
		{C2529682-B3FE-4525-B6E4-01A6A16376A2}.Debug|Any CPU.Build.0 = Debug|Any CPU
		{C2529682-B3FE-4525-B6E4-01A6A16376A2}.Debug|x64.ActiveCfg = Debug|Any CPU
		{C2529682-B3FE-4525-B6E4-01A6A16376A2}.Debug|x64.Build.0 = Debug|Any CPU
		{C2529682-B3FE-4525-B6E4-01A6A16376A2}.Debug|x86.ActiveCfg = Debug|Any CPU
		{C2529682-B3FE-4525-B6E4-01A6A16376A2}.Debug|x86.Build.0 = Debug|Any CPU
		{C2529682-B3FE-4525-B6E4-01A6A16376A2}.Release|Any CPU.ActiveCfg = Release|Any CPU
		{C2529682-B3FE-4525-B6E4-01A6A16376A2}.Release|Any CPU.Build.0 = Release|Any CPU
		{C2529682-B3FE-4525-B6E4-01A6A16376A2}.Release|x64.ActiveCfg = Release|Any CPU
		{C2529682-B3FE-4525-B6E4-01A6A16376A2}.Release|x64.Build.0 = Release|Any CPU
		{C2529682-B3FE-4525-B6E4-01A6A16376A2}.Release|x86.ActiveCfg = Release|Any CPU
		{C2529682-B3FE-4525-B6E4-01A6A16376A2}.Release|x86.Build.0 = Release|Any CPU
	EndGlobalSection
	GlobalSection(SolutionProperties) = preSolution
		HideSolutionNode = FALSE
	EndGlobalSection
	GlobalSection(NestedProjects) = preSolution
		{9B51FBBE-FEFF-43CF-A978-6878765EACEE} = {3DA25E1E-9653-435F-9FBD-E27B3FCAFEED}
		{B17B24F3-C95E-4D86-998D-8D15C558EAA9} = {3DA25E1E-9653-435F-9FBD-E27B3FCAFEED}
		{D6EDE921-3A81-4BDD-8EDC-DB2F150EECC7} = {D5C2330B-421E-4DA5-A8C1-7500493B15D5}
		{829051BB-7498-4659-A5F6-574F0F8EC772} = {D6EDE921-3A81-4BDD-8EDC-DB2F150EECC7}
		{8E200DFC-DF8A-43DF-AE70-1C949494C3E6} = {D6EDE921-3A81-4BDD-8EDC-DB2F150EECC7}
		{9CC626A2-81CE-49D7-8184-CC5568944853} = {D5C2330B-421E-4DA5-A8C1-7500493B15D5}
		{056EC11D-659A-4366-871B-EBAD17BEA8E0} = {D5C2330B-421E-4DA5-A8C1-7500493B15D5}
		{56945193-665A-4FFA-9E30-8F291B1F0D77} = {D5C2330B-421E-4DA5-A8C1-7500493B15D5}
		{1C57BD92-7C26-4F25-B898-E8DE277594F7} = {34898B6F-AA32-4D5E-9881-3F367C2CE3E7}
		{BD5A939B-0342-4A13-8359-A317BE8F2EFA} = {34898B6F-AA32-4D5E-9881-3F367C2CE3E7}
		{0EB97E7D-F40C-4AAB-AC16-881C7F924B4D} = {34898B6F-AA32-4D5E-9881-3F367C2CE3E7}
		{7184192C-DB5E-439D-AAA7-0C9E5D4F469E} = {34898B6F-AA32-4D5E-9881-3F367C2CE3E7}
		{B06D840A-8251-4164-835E-6D9229C5D6D0} = {1C57BD92-7C26-4F25-B898-E8DE277594F7}
		{2FF9D983-FB24-4280-A9C6-BE1EA5AD2E85} = {BD5A939B-0342-4A13-8359-A317BE8F2EFA}
		{C00E5756-1D42-4D62-8116-74FB8F638EB9} = {0EB97E7D-F40C-4AAB-AC16-881C7F924B4D}
		{A00999DB-D8F8-4CC4-8EBC-8C73304E487B} = {0EB97E7D-F40C-4AAB-AC16-881C7F924B4D}
		{D50CCB10-E402-4C62-914D-9EE6EC34585C} = {0EB97E7D-F40C-4AAB-AC16-881C7F924B4D}
		{06210C76-ACDA-4DBA-8034-447D7334C9A2} = {0EB97E7D-F40C-4AAB-AC16-881C7F924B4D}
		{975DD0F6-0ADC-4464-9B69-A2D04509662E} = {7184192C-DB5E-439D-AAA7-0C9E5D4F469E}
		{FDA03248-A0BF-46A0-9350-5FB600FAF0F2} = {7184192C-DB5E-439D-AAA7-0C9E5D4F469E}
		{2218F467-353A-41AE-80A1-6AFAFC3C5BF9} = {7184192C-DB5E-439D-AAA7-0C9E5D4F469E}
		{2AC32873-371F-43CC-9499-9D6D82DF9FCE} = {7184192C-DB5E-439D-AAA7-0C9E5D4F469E}
		{2FB50165-0AE2-4AB9-9DC5-F36AF7956F94} = {35A1E3ED-B1A9-4092-8CB7-4147E189DDFB}
		{D662F294-0CD7-4F93-AFBC-36401D731308} = {35A1E3ED-B1A9-4092-8CB7-4147E189DDFB}
		{568A8182-0AFA-4F42-BBCA-C4584C389ADA} = {D5C2330B-421E-4DA5-A8C1-7500493B15D5}
		{83DE2518-8A0A-4504-B6FD-EF7168A36A2B} = {D5C2330B-421E-4DA5-A8C1-7500493B15D5}
		{C5CDE3ED-50BC-4570-A33C-CFAC7C462F2C} = {A5812AE1-CE20-432C-A498-75F09E9A49CD}
		{D8508516-D67F-45B9-ABEB-A7528A51EE7A} = {A5812AE1-CE20-432C-A498-75F09E9A49CD}
		{DCB66493-D74E-47B6-888B-4A6B45C777FA} = {A5812AE1-CE20-432C-A498-75F09E9A49CD}
		{306FECE8-4419-4451-984E-51576A86CDEF} = {BF43DECB-F687-4343-A57B-C255320C776A}
		{2C9D12AC-9537-41DC-B15F-0F24F49A587C} = {BF43DECB-F687-4343-A57B-C255320C776A}
		{273ECAA1-682C-49D9-B8FC-1042FDE3C9DC} = {BF43DECB-F687-4343-A57B-C255320C776A}
		{DF51356A-51BA-4647-9CA2-0BAF66DD787E} = {815CBC29-AF78-40DF-9B7C-0746A1531642}
		{B788E73E-7732-461A-A7CE-3D91CC9FDC16} = {815CBC29-AF78-40DF-9B7C-0746A1531642}
		{FB355E1B-949D-491D-9F5D-DDA8881583F4} = {815CBC29-AF78-40DF-9B7C-0746A1531642}
		{9E3EE28E-3BC6-4E12-9BA6-5DED08EE814F} = {815CBC29-AF78-40DF-9B7C-0746A1531642}
		{533728C2-D451-4FBD-A79B-A63A44C06182} = {815CBC29-AF78-40DF-9B7C-0746A1531642}
		{6129AD39-9550-4A99-B187-A90F0E2C9A15} = {815CBC29-AF78-40DF-9B7C-0746A1531642}
		{E6D4677F-4F7A-4EEF-939F-1E003F48E86D} = {815CBC29-AF78-40DF-9B7C-0746A1531642}
		{4954B34A-D794-4121-9C7E-E49F91881BB1} = {BF43DECB-F687-4343-A57B-C255320C776A}
		{1639A066-D945-45B8-93DF-AFA501F713AA} = {BF43DECB-F687-4343-A57B-C255320C776A}
		{D1A78805-A3A9-4C6E-A18D-3A470EF02B27} = {1639A066-D945-45B8-93DF-AFA501F713AA}
		{46EE695F-407B-424B-BB57-3334413DB13E} = {1639A066-D945-45B8-93DF-AFA501F713AA}
		{1356B45C-9256-4231-B665-6DF00C986DE2} = {1639A066-D945-45B8-93DF-AFA501F713AA}
		{E807BD40-466E-4A92-A92A-30CEDCE20EDE} = {BF43DECB-F687-4343-A57B-C255320C776A}
		{5C77C32D-45D6-450E-9082-B0DD29E5D787} = {BF43DECB-F687-4343-A57B-C255320C776A}
		{026BF736-F9D3-4572-8934-E978B3BEAD3B} = {35A1E3ED-B1A9-4092-8CB7-4147E189DDFB}
		{B05188BB-9FD5-4BBE-9DA6-B6A4BEEF0BDE} = {026BF736-F9D3-4572-8934-E978B3BEAD3B}
		{741067FD-785B-4ED4-9621-983E495F4873} = {026BF736-F9D3-4572-8934-E978B3BEAD3B}
		{A3D02BC2-A2F5-4E30-8DF9-64E1B8D53B8E} = {BF43DECB-F687-4343-A57B-C255320C776A}
		{ABDB528B-233C-498D-8B79-5A6611ABEE8F} = {A3D02BC2-A2F5-4E30-8DF9-64E1B8D53B8E}
		{B84052C0-8953-4C74-9C87-4C7727579D75} = {A3D02BC2-A2F5-4E30-8DF9-64E1B8D53B8E}
		{8AC900DE-601E-4E91-A20C-5D3AB8A554C1} = {A3D02BC2-A2F5-4E30-8DF9-64E1B8D53B8E}
		{A3AAB150-66F4-401F-8EE3-6370A424F564} = {9B4AAA21-CBAD-4F58-8862-84FC37A139C5}
		{E08A01E2-C2D7-40D8-A6C7-C06D32804F91} = {9B4AAA21-CBAD-4F58-8862-84FC37A139C5}
		{DA899513-3F4F-4690-9670-5022399D969A} = {815CBC29-AF78-40DF-9B7C-0746A1531642}
		{C2529682-B3FE-4525-B6E4-01A6A16376A2} = {815CBC29-AF78-40DF-9B7C-0746A1531642}
	EndGlobalSection
	GlobalSection(ExtensibilityGlobals) = postSolution
		SolutionGuid = {B27951EA-EC4F-4544-AE45-FD8E8F1DCF9B}
	EndGlobalSection
EndGlobal
