<?xml version="1.0" encoding="utf-8"?>
<Project ToolsVersion="4.0" xmlns="http://schemas.microsoft.com/developer/msbuild/2003">
  <ItemGroup>
    <Filter Include="源文件">
      <UniqueIdentifier>{4FC737F1-C7A5-4376-A066-2A32D752A2FF}</UniqueIdentifier>
      <Extensions>cpp;c;cc;cxx;def;odl;idl;hpj;bat;asm;asmx</Extensions>
    </Filter>
    <Filter Include="头文件">
      <UniqueIdentifier>{93995380-89BD-4b04-88EB-625FBE52EBFB}</UniqueIdentifier>
      <Extensions>h;hh;hpp;hxx;hm;inl;inc;xsd</Extensions>
    </Filter>
    <Filter Include="资源文件">
      <UniqueIdentifier>{67DA6AB6-F800-4c08-8B7A-83BB121AAD01}</UniqueIdentifier>
      <Extensions>rc;ico;cur;bmp;dlg;rc2;rct;bin;rgs;gif;jpg;jpeg;jpe;resx;tiff;tif;png;wav;mfcribbon-ms</Extensions>
    </Filter>
  </ItemGroup>
  <ItemGroup>
    <ClCompile Include="..\ALLChapter\Chapter 8\01arrtemp.cpp">
      <Filter>源文件</Filter>
    </ClCompile>
    <ClCompile Include="..\ALLChapter\Chapter 8\02choices.cpp">
      <Filter>源文件</Filter>
    </ClCompile>
    <ClCompile Include="..\ALLChapter\Chapter 8\03cubes.cpp">
      <Filter>源文件</Filter>
    </ClCompile>
    <ClCompile Include="..\ALLChapter\Chapter 8\04filefunct.cpp">
      <Filter>源文件</Filter>
    </ClCompile>
    <ClCompile Include="..\ALLChapter\Chapter 8\05firstref.cpp">
      <Filter>源文件</Filter>
    </ClCompile>
    <ClCompile Include="..\ALLChapter\Chapter 8\06funtemp.cpp">
      <Filter>源文件</Filter>
    </ClCompile>
    <ClCompile Include="..\ALLChapter\Chapter 8\07inline.cpp">
      <Filter>源文件</Filter>
    </ClCompile>
    <ClCompile Include="..\ALLChapter\Chapter 8\08left.cpp">
      <Filter>源文件</Filter>
    </ClCompile>
    <ClCompile Include="..\ALLChapter\Chapter 8\09leftover.cpp">
      <Filter>源文件</Filter>
    </ClCompile>
    <ClCompile Include="..\ALLChapter\Chapter 8\10secref.cpp">
      <Filter>源文件</Filter>
    </ClCompile>
    <ClCompile Include="..\ALLChapter\Chapter 8\11strc_ref.cpp">
      <Filter>源文件</Filter>
    </ClCompile>
    <ClCompile Include="..\ALLChapter\Chapter 8\12strquote.cpp">
      <Filter>源文件</Filter>
    </ClCompile>
    <ClCompile Include="..\ALLChapter\Chapter 8\13strtref.cpp">
      <Filter>源文件</Filter>
    </ClCompile>
    <ClCompile Include="..\ALLChapter\Chapter 8\14swaps.cpp">
      <Filter>源文件</Filter>
    </ClCompile>
    <ClCompile Include="..\ALLChapter\Chapter 8\15tempover.cpp">
      <Filter>源文件</Filter>
    </ClCompile>
    <ClCompile Include="..\ALLChapter\Chapter 8\16twoswap.cpp">
      <Filter>源文件</Filter>
    </ClCompile>
    <ClCompile Include="..\ALLChapter\Chapter 8\17twotemps.cpp">
      <Filter>源文件</Filter>
    </ClCompile>
  </ItemGroup>
</Project>