<?xml version="1.0" encoding="utf-8"?>
<Project ToolsVersion="4.0" xmlns="http://schemas.microsoft.com/developer/msbuild/2003">
  <ItemGroup>
    <Filter Include="源文件">
      <UniqueIdentifier>{4FC737F1-C7A5-4376-A066-2A32D752A2FF}</UniqueIdentifier>
      <Extensions>cpp;c;cc;cxx;def;odl;idl;hpj;bat;asm;asmx</Extensions>
    </Filter>
    <Filter Include="头文件">
      <UniqueIdentifier>{93995380-89BD-4b04-88EB-625FBE52EBFB}</UniqueIdentifier>
      <Extensions>h;hh;hpp;hxx;hm;inl;inc;xsd</Extensions>
    </Filter>
    <Filter Include="资源文件">
      <UniqueIdentifier>{67DA6AB6-F800-4c08-8B7A-83BB121AAD01}</UniqueIdentifier>
      <Extensions>rc;ico;cur;bmp;dlg;rc2;rct;bin;rgs;gif;jpg;jpeg;jpe;resx;tiff;tif;png;wav;mfcribbon-ms</Extensions>
    </Filter>
  </ItemGroup>
  <ItemGroup>
    <ClCompile Include="..\ALLChapter\Chapter 4\01addpntrs.cpp">
      <Filter>源文件</Filter>
    </ClCompile>
    <ClCompile Include="..\ALLChapter\Chapter 4\02address.cpp">
      <Filter>源文件</Filter>
    </ClCompile>
    <ClCompile Include="..\ALLChapter\Chapter 4\03arraynew.cpp">
      <Filter>源文件</Filter>
    </ClCompile>
    <ClCompile Include="..\ALLChapter\Chapter 4\04arrayone.cpp">
      <Filter>源文件</Filter>
    </ClCompile>
    <ClCompile Include="..\ALLChapter\Chapter 4\05arrstruct.cpp">
      <Filter>源文件</Filter>
    </ClCompile>
    <ClCompile Include="..\ALLChapter\Chapter 4\06assgn_st.cpp">
      <Filter>源文件</Filter>
    </ClCompile>
    <ClCompile Include="..\ALLChapter\Chapter 4\07choices.cpp">
      <Filter>源文件</Filter>
    </ClCompile>
    <ClCompile Include="..\ALLChapter\Chapter 4\08delete.cpp">
      <Filter>源文件</Filter>
    </ClCompile>
    <ClCompile Include="..\ALLChapter\Chapter 4\09init_ptr.cpp">
      <Filter>源文件</Filter>
    </ClCompile>
    <ClCompile Include="..\ALLChapter\Chapter 4\10instr1.cpp">
      <Filter>源文件</Filter>
    </ClCompile>
    <ClCompile Include="..\ALLChapter\Chapter 4\11instr2.cpp">
      <Filter>源文件</Filter>
    </ClCompile>
    <ClCompile Include="..\ALLChapter\Chapter 4\12instr3.cpp">
      <Filter>源文件</Filter>
    </ClCompile>
    <ClCompile Include="..\ALLChapter\Chapter 4\13mixtypes.cpp">
      <Filter>源文件</Filter>
    </ClCompile>
    <ClCompile Include="..\ALLChapter\Chapter 4\14newstrct.cpp">
      <Filter>源文件</Filter>
    </ClCompile>
    <ClCompile Include="..\ALLChapter\Chapter 4\15numstr.cpp">
      <Filter>源文件</Filter>
    </ClCompile>
    <ClCompile Include="..\ALLChapter\Chapter 4\16pointer.cpp">
      <Filter>源文件</Filter>
    </ClCompile>
    <ClCompile Include="..\ALLChapter\Chapter 4\17ptrstr.cpp">
      <Filter>源文件</Filter>
    </ClCompile>
    <ClCompile Include="..\ALLChapter\Chapter 4\18strings.cpp">
      <Filter>源文件</Filter>
    </ClCompile>
    <ClCompile Include="..\ALLChapter\Chapter 4\19strtype1.cpp">
      <Filter>源文件</Filter>
    </ClCompile>
    <ClCompile Include="..\ALLChapter\Chapter 4\20strtype2.cpp">
      <Filter>源文件</Filter>
    </ClCompile>
    <ClCompile Include="..\ALLChapter\Chapter 4\21strtype3.cpp">
      <Filter>源文件</Filter>
    </ClCompile>
    <ClCompile Include="..\ALLChapter\Chapter 4\22strtype4.cpp">
      <Filter>源文件</Filter>
    </ClCompile>
    <ClCompile Include="..\ALLChapter\Chapter 4\23structur.cpp">
      <Filter>源文件</Filter>
    </ClCompile>
    <ClCompile Include="..\ALLChapter\Chapter 4\24use_new.cpp">
      <Filter>源文件</Filter>
    </ClCompile>
  </ItemGroup>
</Project>