
Microsoft Visual Studio Solution File, Format Version 12.00
# Visual Studio Version 17
VisualStudioVersion = 17.8.34330.188
MinimumVisualStudioVersion = 10.0.40219.1
Project("{9A19103F-16F7-4668-BE54-9A1E7A4F7556}") = "WinApp", "WinApp\WinApp.csproj", "{0C2D5E79-CB88-44F6-A023-89F0F8A711E5}"
EndProject
Project("{9A19103F-16F7-4668-BE54-9A1E7A4F7556}") = "Fairy.Redis", "Fairy.Redis\Fairy.Redis.csproj", "{6A80E0C6-0D6E-46C4-8D04-09DCCC15BDD7}"
EndProject
Project("{FAE04EC0-301F-11D3-BF4B-00C04F79EFBC}") = "Fairy.Mvc", "Fairy.Mvc\Fairy.Mvc.csproj", "{4B977FCD-0C3F-4114-AB11-BCC241019A20}"
EndProject
Project("{FAE04EC0-301F-11D3-BF4B-00C04F79EFBC}") = "Fairy.ConApp", "Fairy.ConApp\Fairy.ConApp.csproj", "{4E67BBB8-7018-42AE-966E-DC54E3AFAF9F}"
EndProject
Project("{FAE04EC0-301F-11D3-BF4B-00C04F79EFBC}") = "Fairy.Reflection", "Fairy.Reflection\Fairy.Reflection.csproj", "{F08D8CF4-13BF-446D-8D65-2BFBDC9F246B}"
EndProject
Project("{FAE04EC0-301F-11D3-BF4B-00C04F79EFBC}") = "Fairy.Log", "Fairy.Log\Fairy.Log.csproj", "{D3E1BEFC-70EA-41E3-ADF3-E9BDC0663457}"
EndProject
Project("{9A19103F-16F7-4668-BE54-9A1E7A4F7556}") = "Fairy.TodoApi", "Fairy.TodoApi\Fairy.TodoApi.csproj", "{A5EEDF3C-2F75-4390-89E8-C29E747F9762}"
EndProject
Project("{FAE04EC0-301F-11D3-BF4B-00C04F79EFBC}") = "Fairy.WebApi", "Fairy.WebApi\Fairy.WebApi.csproj", "{42D0F504-0078-4EED-9BA2-1597DB1C81E1}"
EndProject
Global
	GlobalSection(SolutionConfigurationPlatforms) = preSolution
		Debug|Any CPU = Debug|Any CPU
		Release|Any CPU = Release|Any CPU
	EndGlobalSection
	GlobalSection(ProjectConfigurationPlatforms) = postSolution
		{0C2D5E79-CB88-44F6-A023-89F0F8A711E5}.Debug|Any CPU.ActiveCfg = Debug|Any CPU
		{0C2D5E79-CB88-44F6-A023-89F0F8A711E5}.Debug|Any CPU.Build.0 = Debug|Any CPU
		{0C2D5E79-CB88-44F6-A023-89F0F8A711E5}.Release|Any CPU.ActiveCfg = Release|Any CPU
		{0C2D5E79-CB88-44F6-A023-89F0F8A711E5}.Release|Any CPU.Build.0 = Release|Any CPU
		{6A80E0C6-0D6E-46C4-8D04-09DCCC15BDD7}.Debug|Any CPU.ActiveCfg = Debug|Any CPU
		{6A80E0C6-0D6E-46C4-8D04-09DCCC15BDD7}.Debug|Any CPU.Build.0 = Debug|Any CPU
		{6A80E0C6-0D6E-46C4-8D04-09DCCC15BDD7}.Release|Any CPU.ActiveCfg = Release|Any CPU
		{6A80E0C6-0D6E-46C4-8D04-09DCCC15BDD7}.Release|Any CPU.Build.0 = Release|Any CPU
		{4B977FCD-0C3F-4114-AB11-BCC241019A20}.Debug|Any CPU.ActiveCfg = Debug|Any CPU
		{4B977FCD-0C3F-4114-AB11-BCC241019A20}.Debug|Any CPU.Build.0 = Debug|Any CPU
		{4B977FCD-0C3F-4114-AB11-BCC241019A20}.Release|Any CPU.ActiveCfg = Release|Any CPU
		{4B977FCD-0C3F-4114-AB11-BCC241019A20}.Release|Any CPU.Build.0 = Release|Any CPU
		{4E67BBB8-7018-42AE-966E-DC54E3AFAF9F}.Debug|Any CPU.ActiveCfg = Debug|Any CPU
		{4E67BBB8-7018-42AE-966E-DC54E3AFAF9F}.Debug|Any CPU.Build.0 = Debug|Any CPU
		{4E67BBB8-7018-42AE-966E-DC54E3AFAF9F}.Release|Any CPU.ActiveCfg = Release|Any CPU
		{4E67BBB8-7018-42AE-966E-DC54E3AFAF9F}.Release|Any CPU.Build.0 = Release|Any CPU
		{F08D8CF4-13BF-446D-8D65-2BFBDC9F246B}.Debug|Any CPU.ActiveCfg = Debug|Any CPU
		{F08D8CF4-13BF-446D-8D65-2BFBDC9F246B}.Debug|Any CPU.Build.0 = Debug|Any CPU
		{F08D8CF4-13BF-446D-8D65-2BFBDC9F246B}.Release|Any CPU.ActiveCfg = Release|Any CPU
		{F08D8CF4-13BF-446D-8D65-2BFBDC9F246B}.Release|Any CPU.Build.0 = Release|Any CPU
		{D3E1BEFC-70EA-41E3-ADF3-E9BDC0663457}.Debug|Any CPU.ActiveCfg = Debug|Any CPU
		{D3E1BEFC-70EA-41E3-ADF3-E9BDC0663457}.Debug|Any CPU.Build.0 = Debug|Any CPU
		{D3E1BEFC-70EA-41E3-ADF3-E9BDC0663457}.Release|Any CPU.ActiveCfg = Release|Any CPU
		{D3E1BEFC-70EA-41E3-ADF3-E9BDC0663457}.Release|Any CPU.Build.0 = Release|Any CPU
		{A5EEDF3C-2F75-4390-89E8-C29E747F9762}.Debug|Any CPU.ActiveCfg = Debug|Any CPU
		{A5EEDF3C-2F75-4390-89E8-C29E747F9762}.Debug|Any CPU.Build.0 = Debug|Any CPU
		{A5EEDF3C-2F75-4390-89E8-C29E747F9762}.Release|Any CPU.ActiveCfg = Release|Any CPU
		{A5EEDF3C-2F75-4390-89E8-C29E747F9762}.Release|Any CPU.Build.0 = Release|Any CPU
		{42D0F504-0078-4EED-9BA2-1597DB1C81E1}.Debug|Any CPU.ActiveCfg = Debug|Any CPU
		{42D0F504-0078-4EED-9BA2-1597DB1C81E1}.Debug|Any CPU.Build.0 = Debug|Any CPU
		{42D0F504-0078-4EED-9BA2-1597DB1C81E1}.Release|Any CPU.ActiveCfg = Release|Any CPU
		{42D0F504-0078-4EED-9BA2-1597DB1C81E1}.Release|Any CPU.Build.0 = Release|Any CPU
	EndGlobalSection
	GlobalSection(SolutionProperties) = preSolution
		HideSolutionNode = FALSE
	EndGlobalSection
	GlobalSection(ExtensibilityGlobals) = postSolution
		SolutionGuid = {37B682E0-D571-4689-8F7D-5285444FA67E}
	EndGlobalSection
EndGlobal
