
Microsoft Visual Studio Solution File, Format Version 12.00
# Visual Studio 15
VisualStudioVersion = 15.0.28307.1800
MinimumVisualStudioVersion = 10.0.40219.1
Project("{FAE04EC0-301F-11D3-BF4B-00C04F79EFBC}") = "MVC.Sample", "MVC.Sample\MVC.Sample.csproj", "{BA23BC3E-9B63-4AD7-ACA2-CFE27FF55905}"
EndProject
Global
	GlobalSection(SolutionConfigurationPlatforms) = preSolution
		Debug|Any CPU = Debug|Any CPU
		Debug|x86 = Debug|x86
		Release|Any CPU = Release|Any CPU
		Release|x86 = Release|x86
	EndGlobalSection
	GlobalSection(ProjectConfigurationPlatforms) = postSolution
		{BA23BC3E-9B63-4AD7-ACA2-CFE27FF55905}.Debug|Any CPU.ActiveCfg = Debug|Any CPU
		{BA23BC3E-9B63-4AD7-ACA2-CFE27FF55905}.Debug|Any CPU.Build.0 = Debug|Any CPU
		{BA23BC3E-9B63-4AD7-ACA2-CFE27FF55905}.Debug|x86.ActiveCfg = Debug|Any CPU
		{BA23BC3E-9B63-4AD7-ACA2-CFE27FF55905}.Debug|x86.Build.0 = Debug|Any CPU
		{BA23BC3E-9B63-4AD7-ACA2-CFE27FF55905}.Release|Any CPU.ActiveCfg = Release|Any CPU
		{BA23BC3E-9B63-4AD7-ACA2-CFE27FF55905}.Release|Any CPU.Build.0 = Release|Any CPU
		{BA23BC3E-9B63-4AD7-ACA2-CFE27FF55905}.Release|x86.ActiveCfg = Release|Any CPU
		{BA23BC3E-9B63-4AD7-ACA2-CFE27FF55905}.Release|x86.Build.0 = Release|Any CPU
	EndGlobalSection
	GlobalSection(SolutionProperties) = preSolution
		HideSolutionNode = FALSE
	EndGlobalSection
	GlobalSection(ExtensibilityGlobals) = postSolution
		SolutionGuid = {1750A2C9-37D8-42AF-B7F4-221D808AB05C}
	EndGlobalSection
EndGlobal
