
Microsoft Visual Studio Solution File, Format Version 12.00
# Visual Studio 15
VisualStudioVersion = 15.0.27703.1
MinimumVisualStudioVersion = 10.0.40219.1
Project("{2150E333-8FDC-42A3-9474-1A3956D46DE8}") = "1_jwt_ocelot", "1_jwt_ocelot", "{24408290-702B-47A1-9933-3500CF2CBE9A}"
EndProject
Project("{2150E333-8FDC-42A3-9474-1A3956D46DE8}") = "2_idserver_ocelt", "2_idserver_ocelt", "{402CDE4B-4292-4624-8818-6367A12C7464}"
EndProject
Project("{2150E333-8FDC-42A3-9474-1A3956D46DE8}") = "MicroServices", "MicroServices", "{DD9A0A53-D2D0-4E13-9B95-6040A318D370}"
EndProject
Project("{9A19103F-16F7-4668-BE54-9A1E7A4F7556}") = "ApiConsul", "MicroServices\ApiConsul\ApiConsul.csproj", "{C88CFC82-F7B7-4B6E-BAC4-0382F677E15D}"
EndProject
Project("{9A19103F-16F7-4668-BE54-9A1E7A4F7556}") = "ApiConsul.Client", "MicroServices\ApiConsul.Client\ApiConsul.Client.csproj", "{7527D57B-9821-4802-9E34-574B8E4B0A46}"
EndProject
Project("{9A19103F-16F7-4668-BE54-9A1E7A4F7556}") = "JwtDemo", "MicroServices\JwtDemo\JwtDemo.csproj", "{E3BDA01A-419F-4049-AEE9-CD53E882E12C}"
EndProject
Project("{9A19103F-16F7-4668-BE54-9A1E7A4F7556}") = "ApiConsul.Tools", "MicroServices\ApiConsul.Tools\ApiConsul.Tools.csproj", "{5E5A999F-1C50-47BB-9C8B-EFCEC6E6E1EA}"
EndProject
Project("{9A19103F-16F7-4668-BE54-9A1E7A4F7556}") = "InterceptorDemo", "MicroServices\InterceptorDemo\InterceptorDemo.csproj", "{DA197A1C-EF08-41AF-9CBC-550190E0F542}"
EndProject
Project("{9A19103F-16F7-4668-BE54-9A1E7A4F7556}") = "PollyDemo", "MicroServices\PollyDemo\PollyDemo.csproj", "{0BC95545-D047-46A2-BCA6-2344E1BAA8A2}"
EndProject
Project("{9A19103F-16F7-4668-BE54-9A1E7A4F7556}") = "OcelotServer01", "MicroServices\OcelotServer01\OcelotServer01.csproj", "{F35170AC-ED53-444B-B0AA-175E70674012}"
EndProject
Project("{9A19103F-16F7-4668-BE54-9A1E7A4F7556}") = "OcelotServer01.Api", "MicroServices\OcelotServer01.Api\OcelotServer01.Api.csproj", "{4711315D-43D6-45AB-87A3-77D8E5941E4F}"
EndProject
Project("{2150E333-8FDC-42A3-9474-1A3956D46DE8}") = "V1Ocelot", "V1Ocelot", "{D5D701C1-B729-40C1-AFCF-EE4BD8961EE8}"
EndProject
Project("{9A19103F-16F7-4668-BE54-9A1E7A4F7556}") = "02_V1MsgService", "MicroServices\V1Ocelot\V1MsgService\02_V1MsgService.csproj", "{2988E9AE-2EA2-4A7E-975D-5E40640F0C91}"
EndProject
Project("{9A19103F-16F7-4668-BE54-9A1E7A4F7556}") = "03_V1OcelotService", "MicroServices\V1Ocelot\V1OcelotService\03_V1OcelotService.csproj", "{0C2DCABE-4C53-4495-8E0B-74FC0220326E}"
EndProject
Project("{9A19103F-16F7-4668-BE54-9A1E7A4F7556}") = "01_V1ProductService", "MicroServices\V1Ocelot\V1ProductService\01_V1ProductService.csproj", "{433054CF-7C42-48BA-86E6-2DD2A86D0220}"
EndProject
Project("{9A19103F-16F7-4668-BE54-9A1E7A4F7556}") = "RestTemplateClient", "MicroServices\RestTemplateClient\RestTemplateClient.csproj", "{9C8D3135-CE6C-4746-AB88-D20D9B683CBA}"
EndProject
Project("{2150E333-8FDC-42A3-9474-1A3956D46DE8}") = "V2Ocelot", "V2Ocelot", "{3EFF7EC3-54AA-41AD-922B-CCC1EFB976A0}"
EndProject
Project("{9A19103F-16F7-4668-BE54-9A1E7A4F7556}") = "03_V2MsgService", "MicroServices\V2Ocelot\V2MsgService\03_V2MsgService.csproj", "{ADE88DE1-0E8A-4FA4-874E-9A5DF79AECC4}"
EndProject
Project("{9A19103F-16F7-4668-BE54-9A1E7A4F7556}") = "02_V2ProductService", "MicroServices\V2Ocelot\V2ProductService\02_V2ProductService.csproj", "{FCE05F71-819D-44ED-88AA-EED23A0BE1DE}"
EndProject
Project("{9A19103F-16F7-4668-BE54-9A1E7A4F7556}") = "04_V2OcelotService", "MicroServices\V2Ocelot\V2OcelotService\04_V2OcelotService.csproj", "{B574F4B7-824F-43B1-B05A-648C7A6B54E8}"
EndProject
Project("{9A19103F-16F7-4668-BE54-9A1E7A4F7556}") = "01_V2ID4.IdServer", "MicroServices\V2Ocelot\V2ID4.IdServer\01_V2ID4.IdServer.csproj", "{97A9B8A5-BC14-4F13-9A66-7E6FF5B49539}"
EndProject
Project("{2150E333-8FDC-42A3-9474-1A3956D46DE8}") = "V3Ocelot", "V3Ocelot", "{BFF8759B-7C2F-4572-B527-0D980946F4B0}"
EndProject
Project("{9A19103F-16F7-4668-BE54-9A1E7A4F7556}") = "01_V3ID4.IdServer", "MicroServices\V3Ocelot\V3ID4.IdServer\01_V3ID4.IdServer.csproj", "{F42D820E-CAC8-47A2-B746-23D5948BC3AB}"
EndProject
Project("{9A19103F-16F7-4668-BE54-9A1E7A4F7556}") = "02_V3ProductService", "MicroServices\V3Ocelot\V3ProductService\02_V3ProductService.csproj", "{3942179D-594C-4B81-8739-F5AEEEEBF159}"
EndProject
Project("{9A19103F-16F7-4668-BE54-9A1E7A4F7556}") = "05_V3OcelotService", "MicroServices\V3Ocelot\V3OcelotService\05_V3OcelotService.csproj", "{BA20CCEA-FA2F-416A-BBC3-8F6A210C0E40}"
EndProject
Project("{9A19103F-16F7-4668-BE54-9A1E7A4F7556}") = "03_V3MsgService", "MicroServices\V3Ocelot\V3MsgService\03_V3MsgService.csproj", "{94727F54-5353-434E-9380-BAF83F5B6208}"
EndProject
Project("{2150E333-8FDC-42A3-9474-1A3956D46DE8}") = "Thrift", "Thrift", "{10536C0C-84E9-4DFA-933D-52DF98F1A56E}"
EndProject
Project("{9A19103F-16F7-4668-BE54-9A1E7A4F7556}") = "ThriftDemo.Contract", "MicroServices\Thrift\ThriftDemo.Contract\ThriftDemo.Contract.csproj", "{E55773DF-834B-4FB6-8408-F1A8156F8770}"
EndProject
Project("{9A19103F-16F7-4668-BE54-9A1E7A4F7556}") = "ThriftDemo.Server", "MicroServices\Thrift\ThriftDemo.Server\ThriftDemo.Server.csproj", "{ACEE6AA7-B4A5-4E70-8776-D930E04E8ACE}"
EndProject
Project("{9A19103F-16F7-4668-BE54-9A1E7A4F7556}") = "ThriftDemo.Client", "MicroServices\Thrift\ThriftDemo.Client\ThriftDemo.Client.csproj", "{FE41DE72-4296-4FAD-B42D-F3D5C9FAD93D}"
EndProject
Project("{9A19103F-16F7-4668-BE54-9A1E7A4F7556}") = "06_V3WebApp", "MicroServices\V3Ocelot\V3WebApp\06_V3WebApp.csproj", "{B1B1B676-05E4-47DD-85D2-4D9610700B66}"
EndProject
Project("{9A19103F-16F7-4668-BE54-9A1E7A4F7556}") = "07_V3WebAppOutside", "MicroServices\V3Ocelot\V3WebAppOutside\07_V3WebAppOutside.csproj", "{4C2C106C-3C61-4A2B-B3AB-471C96162593}"
EndProject
Project("{9A19103F-16F7-4668-BE54-9A1E7A4F7556}") = "04_V3MemberServer", "MicroServices\V3Ocelot\V3MemberServer\04_V3MemberServer.csproj", "{33B5E539-3B1D-4570-917B-11965D80AC58}"
EndProject
Project("{2150E333-8FDC-42A3-9474-1A3956D46DE8}") = "Hystrix", "Hystrix", "{CF500943-6E21-43B0-BB52-6695F08C99DF}"
EndProject
Project("{9A19103F-16F7-4668-BE54-9A1E7A4F7556}") = "hystrixtest1", "MicroServices\Hystrix\hystrixtest1\hystrixtest1.csproj", "{EA27B0A8-521D-4065-A137-B020FE63A988}"
EndProject
Project("{9A19103F-16F7-4668-BE54-9A1E7A4F7556}") = "hystrixtest2", "MicroServices\Hystrix\hystrixtest2\hystrixtest2.csproj", "{3B501498-CFBA-4187-BAFA-C18C9D5A3411}"
EndProject
Project("{9A19103F-16F7-4668-BE54-9A1E7A4F7556}") = "hystrixtest3", "MicroServices\Hystrix\hystrixtest3\hystrixtest3.csproj", "{B8C7B576-3AE3-46E0-A3EE-B0FB29F97F41}"
EndProject
Project("{9A19103F-16F7-4668-BE54-9A1E7A4F7556}") = "hystrixweb1", "MicroServices\Hystrix\hystrixweb1\hystrixweb1.csproj", "{9E8FC3D2-4B48-4E78-A766-09A8E29ED091}"
EndProject
Project("{9A19103F-16F7-4668-BE54-9A1E7A4F7556}") = "AspnetcoreHystrix", "MicroServices\Hystrix\AspnetcoreHystrix\AspnetcoreHystrix.csproj", "{40286046-0C04-47C4-9489-100AF92555B5}"
EndProject
Project("{9A19103F-16F7-4668-BE54-9A1E7A4F7556}") = "JWTTokenServer1", "MicroServices\Other\JWTTokenServer1\JWTTokenServer1.csproj", "{3D2DF7EE-35D3-433F-AAA8-453E17A8E6B8}"
EndProject
Project("{9A19103F-16F7-4668-BE54-9A1E7A4F7556}") = "ocelotserver3", "MicroServices\Other\ocelotserver3\ocelotserver3.csproj", "{610C3C10-A6BD-4ADD-8D5C-BE40E013C4FA}"
EndProject
Project("{9A19103F-16F7-4668-BE54-9A1E7A4F7556}") = "emailservice1", "MicroServices\Other\emailservice1\emailservice1.csproj", "{8718283E-2F56-45C4-B22B-BD3F1C728273}"
EndProject
Project("{9A19103F-16F7-4668-BE54-9A1E7A4F7556}") = "ID4.IdServer", "MicroServices\Other\ID4.IdServer\ID4.IdServer.csproj", "{1FEFAE7F-3A93-4506-9BEB-ACC54FD51F52}"
EndProject
Project("{9A19103F-16F7-4668-BE54-9A1E7A4F7556}") = "ocelot_id4server", "MicroServices\Other\ocelot_id4server\ocelot_id4server.csproj", "{D6A265D7-FA67-458B-A23C-010F27CD30E8}"
EndProject
Global
	GlobalSection(SolutionConfigurationPlatforms) = preSolution
		Debug|Any CPU = Debug|Any CPU
		Release|Any CPU = Release|Any CPU
	EndGlobalSection
	GlobalSection(ProjectConfigurationPlatforms) = postSolution
		{C88CFC82-F7B7-4B6E-BAC4-0382F677E15D}.Debug|Any CPU.ActiveCfg = Debug|Any CPU
		{C88CFC82-F7B7-4B6E-BAC4-0382F677E15D}.Debug|Any CPU.Build.0 = Debug|Any CPU
		{C88CFC82-F7B7-4B6E-BAC4-0382F677E15D}.Release|Any CPU.ActiveCfg = Release|Any CPU
		{C88CFC82-F7B7-4B6E-BAC4-0382F677E15D}.Release|Any CPU.Build.0 = Release|Any CPU
		{7527D57B-9821-4802-9E34-574B8E4B0A46}.Debug|Any CPU.ActiveCfg = Debug|Any CPU
		{7527D57B-9821-4802-9E34-574B8E4B0A46}.Debug|Any CPU.Build.0 = Debug|Any CPU
		{7527D57B-9821-4802-9E34-574B8E4B0A46}.Release|Any CPU.ActiveCfg = Release|Any CPU
		{7527D57B-9821-4802-9E34-574B8E4B0A46}.Release|Any CPU.Build.0 = Release|Any CPU
		{E3BDA01A-419F-4049-AEE9-CD53E882E12C}.Debug|Any CPU.ActiveCfg = Debug|Any CPU
		{E3BDA01A-419F-4049-AEE9-CD53E882E12C}.Debug|Any CPU.Build.0 = Debug|Any CPU
		{E3BDA01A-419F-4049-AEE9-CD53E882E12C}.Release|Any CPU.ActiveCfg = Release|Any CPU
		{E3BDA01A-419F-4049-AEE9-CD53E882E12C}.Release|Any CPU.Build.0 = Release|Any CPU
		{5E5A999F-1C50-47BB-9C8B-EFCEC6E6E1EA}.Debug|Any CPU.ActiveCfg = Debug|Any CPU
		{5E5A999F-1C50-47BB-9C8B-EFCEC6E6E1EA}.Debug|Any CPU.Build.0 = Debug|Any CPU
		{5E5A999F-1C50-47BB-9C8B-EFCEC6E6E1EA}.Release|Any CPU.ActiveCfg = Release|Any CPU
		{5E5A999F-1C50-47BB-9C8B-EFCEC6E6E1EA}.Release|Any CPU.Build.0 = Release|Any CPU
		{DA197A1C-EF08-41AF-9CBC-550190E0F542}.Debug|Any CPU.ActiveCfg = Debug|Any CPU
		{DA197A1C-EF08-41AF-9CBC-550190E0F542}.Debug|Any CPU.Build.0 = Debug|Any CPU
		{DA197A1C-EF08-41AF-9CBC-550190E0F542}.Release|Any CPU.ActiveCfg = Release|Any CPU
		{DA197A1C-EF08-41AF-9CBC-550190E0F542}.Release|Any CPU.Build.0 = Release|Any CPU
		{0BC95545-D047-46A2-BCA6-2344E1BAA8A2}.Debug|Any CPU.ActiveCfg = Debug|Any CPU
		{0BC95545-D047-46A2-BCA6-2344E1BAA8A2}.Debug|Any CPU.Build.0 = Debug|Any CPU
		{0BC95545-D047-46A2-BCA6-2344E1BAA8A2}.Release|Any CPU.ActiveCfg = Release|Any CPU
		{0BC95545-D047-46A2-BCA6-2344E1BAA8A2}.Release|Any CPU.Build.0 = Release|Any CPU
		{F35170AC-ED53-444B-B0AA-175E70674012}.Debug|Any CPU.ActiveCfg = Debug|Any CPU
		{F35170AC-ED53-444B-B0AA-175E70674012}.Debug|Any CPU.Build.0 = Debug|Any CPU
		{F35170AC-ED53-444B-B0AA-175E70674012}.Release|Any CPU.ActiveCfg = Release|Any CPU
		{F35170AC-ED53-444B-B0AA-175E70674012}.Release|Any CPU.Build.0 = Release|Any CPU
		{4711315D-43D6-45AB-87A3-77D8E5941E4F}.Debug|Any CPU.ActiveCfg = Debug|Any CPU
		{4711315D-43D6-45AB-87A3-77D8E5941E4F}.Debug|Any CPU.Build.0 = Debug|Any CPU
		{4711315D-43D6-45AB-87A3-77D8E5941E4F}.Release|Any CPU.ActiveCfg = Release|Any CPU
		{4711315D-43D6-45AB-87A3-77D8E5941E4F}.Release|Any CPU.Build.0 = Release|Any CPU
		{2988E9AE-2EA2-4A7E-975D-5E40640F0C91}.Debug|Any CPU.ActiveCfg = Debug|Any CPU
		{2988E9AE-2EA2-4A7E-975D-5E40640F0C91}.Debug|Any CPU.Build.0 = Debug|Any CPU
		{2988E9AE-2EA2-4A7E-975D-5E40640F0C91}.Release|Any CPU.ActiveCfg = Release|Any CPU
		{2988E9AE-2EA2-4A7E-975D-5E40640F0C91}.Release|Any CPU.Build.0 = Release|Any CPU
		{0C2DCABE-4C53-4495-8E0B-74FC0220326E}.Debug|Any CPU.ActiveCfg = Debug|Any CPU
		{0C2DCABE-4C53-4495-8E0B-74FC0220326E}.Debug|Any CPU.Build.0 = Debug|Any CPU
		{0C2DCABE-4C53-4495-8E0B-74FC0220326E}.Release|Any CPU.ActiveCfg = Release|Any CPU
		{0C2DCABE-4C53-4495-8E0B-74FC0220326E}.Release|Any CPU.Build.0 = Release|Any CPU
		{433054CF-7C42-48BA-86E6-2DD2A86D0220}.Debug|Any CPU.ActiveCfg = Debug|Any CPU
		{433054CF-7C42-48BA-86E6-2DD2A86D0220}.Debug|Any CPU.Build.0 = Debug|Any CPU
		{433054CF-7C42-48BA-86E6-2DD2A86D0220}.Release|Any CPU.ActiveCfg = Release|Any CPU
		{433054CF-7C42-48BA-86E6-2DD2A86D0220}.Release|Any CPU.Build.0 = Release|Any CPU
		{9C8D3135-CE6C-4746-AB88-D20D9B683CBA}.Debug|Any CPU.ActiveCfg = Debug|Any CPU
		{9C8D3135-CE6C-4746-AB88-D20D9B683CBA}.Debug|Any CPU.Build.0 = Debug|Any CPU
		{9C8D3135-CE6C-4746-AB88-D20D9B683CBA}.Release|Any CPU.ActiveCfg = Release|Any CPU
		{9C8D3135-CE6C-4746-AB88-D20D9B683CBA}.Release|Any CPU.Build.0 = Release|Any CPU
		{ADE88DE1-0E8A-4FA4-874E-9A5DF79AECC4}.Debug|Any CPU.ActiveCfg = Debug|Any CPU
		{ADE88DE1-0E8A-4FA4-874E-9A5DF79AECC4}.Debug|Any CPU.Build.0 = Debug|Any CPU
		{ADE88DE1-0E8A-4FA4-874E-9A5DF79AECC4}.Release|Any CPU.ActiveCfg = Release|Any CPU
		{ADE88DE1-0E8A-4FA4-874E-9A5DF79AECC4}.Release|Any CPU.Build.0 = Release|Any CPU
		{FCE05F71-819D-44ED-88AA-EED23A0BE1DE}.Debug|Any CPU.ActiveCfg = Debug|Any CPU
		{FCE05F71-819D-44ED-88AA-EED23A0BE1DE}.Debug|Any CPU.Build.0 = Debug|Any CPU
		{FCE05F71-819D-44ED-88AA-EED23A0BE1DE}.Release|Any CPU.ActiveCfg = Release|Any CPU
		{FCE05F71-819D-44ED-88AA-EED23A0BE1DE}.Release|Any CPU.Build.0 = Release|Any CPU
		{B574F4B7-824F-43B1-B05A-648C7A6B54E8}.Debug|Any CPU.ActiveCfg = Debug|Any CPU
		{B574F4B7-824F-43B1-B05A-648C7A6B54E8}.Debug|Any CPU.Build.0 = Debug|Any CPU
		{B574F4B7-824F-43B1-B05A-648C7A6B54E8}.Release|Any CPU.ActiveCfg = Release|Any CPU
		{B574F4B7-824F-43B1-B05A-648C7A6B54E8}.Release|Any CPU.Build.0 = Release|Any CPU
		{97A9B8A5-BC14-4F13-9A66-7E6FF5B49539}.Debug|Any CPU.ActiveCfg = Debug|Any CPU
		{97A9B8A5-BC14-4F13-9A66-7E6FF5B49539}.Debug|Any CPU.Build.0 = Debug|Any CPU
		{97A9B8A5-BC14-4F13-9A66-7E6FF5B49539}.Release|Any CPU.ActiveCfg = Release|Any CPU
		{97A9B8A5-BC14-4F13-9A66-7E6FF5B49539}.Release|Any CPU.Build.0 = Release|Any CPU
		{F42D820E-CAC8-47A2-B746-23D5948BC3AB}.Debug|Any CPU.ActiveCfg = Debug|Any CPU
		{F42D820E-CAC8-47A2-B746-23D5948BC3AB}.Debug|Any CPU.Build.0 = Debug|Any CPU
		{F42D820E-CAC8-47A2-B746-23D5948BC3AB}.Release|Any CPU.ActiveCfg = Release|Any CPU
		{F42D820E-CAC8-47A2-B746-23D5948BC3AB}.Release|Any CPU.Build.0 = Release|Any CPU
		{3942179D-594C-4B81-8739-F5AEEEEBF159}.Debug|Any CPU.ActiveCfg = Debug|Any CPU
		{3942179D-594C-4B81-8739-F5AEEEEBF159}.Debug|Any CPU.Build.0 = Debug|Any CPU
		{3942179D-594C-4B81-8739-F5AEEEEBF159}.Release|Any CPU.ActiveCfg = Release|Any CPU
		{3942179D-594C-4B81-8739-F5AEEEEBF159}.Release|Any CPU.Build.0 = Release|Any CPU
		{BA20CCEA-FA2F-416A-BBC3-8F6A210C0E40}.Debug|Any CPU.ActiveCfg = Debug|Any CPU
		{BA20CCEA-FA2F-416A-BBC3-8F6A210C0E40}.Debug|Any CPU.Build.0 = Debug|Any CPU
		{BA20CCEA-FA2F-416A-BBC3-8F6A210C0E40}.Release|Any CPU.ActiveCfg = Release|Any CPU
		{BA20CCEA-FA2F-416A-BBC3-8F6A210C0E40}.Release|Any CPU.Build.0 = Release|Any CPU
		{94727F54-5353-434E-9380-BAF83F5B6208}.Debug|Any CPU.ActiveCfg = Debug|Any CPU
		{94727F54-5353-434E-9380-BAF83F5B6208}.Debug|Any CPU.Build.0 = Debug|Any CPU
		{94727F54-5353-434E-9380-BAF83F5B6208}.Release|Any CPU.ActiveCfg = Release|Any CPU
		{94727F54-5353-434E-9380-BAF83F5B6208}.Release|Any CPU.Build.0 = Release|Any CPU
		{E55773DF-834B-4FB6-8408-F1A8156F8770}.Debug|Any CPU.ActiveCfg = Debug|Any CPU
		{E55773DF-834B-4FB6-8408-F1A8156F8770}.Debug|Any CPU.Build.0 = Debug|Any CPU
		{E55773DF-834B-4FB6-8408-F1A8156F8770}.Release|Any CPU.ActiveCfg = Release|Any CPU
		{E55773DF-834B-4FB6-8408-F1A8156F8770}.Release|Any CPU.Build.0 = Release|Any CPU
		{ACEE6AA7-B4A5-4E70-8776-D930E04E8ACE}.Debug|Any CPU.ActiveCfg = Debug|Any CPU
		{ACEE6AA7-B4A5-4E70-8776-D930E04E8ACE}.Debug|Any CPU.Build.0 = Debug|Any CPU
		{ACEE6AA7-B4A5-4E70-8776-D930E04E8ACE}.Release|Any CPU.ActiveCfg = Release|Any CPU
		{ACEE6AA7-B4A5-4E70-8776-D930E04E8ACE}.Release|Any CPU.Build.0 = Release|Any CPU
		{FE41DE72-4296-4FAD-B42D-F3D5C9FAD93D}.Debug|Any CPU.ActiveCfg = Debug|Any CPU
		{FE41DE72-4296-4FAD-B42D-F3D5C9FAD93D}.Debug|Any CPU.Build.0 = Debug|Any CPU
		{FE41DE72-4296-4FAD-B42D-F3D5C9FAD93D}.Release|Any CPU.ActiveCfg = Release|Any CPU
		{FE41DE72-4296-4FAD-B42D-F3D5C9FAD93D}.Release|Any CPU.Build.0 = Release|Any CPU
		{B1B1B676-05E4-47DD-85D2-4D9610700B66}.Debug|Any CPU.ActiveCfg = Debug|Any CPU
		{B1B1B676-05E4-47DD-85D2-4D9610700B66}.Debug|Any CPU.Build.0 = Debug|Any CPU
		{B1B1B676-05E4-47DD-85D2-4D9610700B66}.Release|Any CPU.ActiveCfg = Release|Any CPU
		{B1B1B676-05E4-47DD-85D2-4D9610700B66}.Release|Any CPU.Build.0 = Release|Any CPU
		{4C2C106C-3C61-4A2B-B3AB-471C96162593}.Debug|Any CPU.ActiveCfg = Debug|Any CPU
		{4C2C106C-3C61-4A2B-B3AB-471C96162593}.Debug|Any CPU.Build.0 = Debug|Any CPU
		{4C2C106C-3C61-4A2B-B3AB-471C96162593}.Release|Any CPU.ActiveCfg = Release|Any CPU
		{4C2C106C-3C61-4A2B-B3AB-471C96162593}.Release|Any CPU.Build.0 = Release|Any CPU
		{33B5E539-3B1D-4570-917B-11965D80AC58}.Debug|Any CPU.ActiveCfg = Debug|Any CPU
		{33B5E539-3B1D-4570-917B-11965D80AC58}.Debug|Any CPU.Build.0 = Debug|Any CPU
		{33B5E539-3B1D-4570-917B-11965D80AC58}.Release|Any CPU.ActiveCfg = Release|Any CPU
		{33B5E539-3B1D-4570-917B-11965D80AC58}.Release|Any CPU.Build.0 = Release|Any CPU
		{EA27B0A8-521D-4065-A137-B020FE63A988}.Debug|Any CPU.ActiveCfg = Debug|Any CPU
		{EA27B0A8-521D-4065-A137-B020FE63A988}.Debug|Any CPU.Build.0 = Debug|Any CPU
		{EA27B0A8-521D-4065-A137-B020FE63A988}.Release|Any CPU.ActiveCfg = Release|Any CPU
		{EA27B0A8-521D-4065-A137-B020FE63A988}.Release|Any CPU.Build.0 = Release|Any CPU
		{3B501498-CFBA-4187-BAFA-C18C9D5A3411}.Debug|Any CPU.ActiveCfg = Debug|Any CPU
		{3B501498-CFBA-4187-BAFA-C18C9D5A3411}.Debug|Any CPU.Build.0 = Debug|Any CPU
		{3B501498-CFBA-4187-BAFA-C18C9D5A3411}.Release|Any CPU.ActiveCfg = Release|Any CPU
		{3B501498-CFBA-4187-BAFA-C18C9D5A3411}.Release|Any CPU.Build.0 = Release|Any CPU
		{B8C7B576-3AE3-46E0-A3EE-B0FB29F97F41}.Debug|Any CPU.ActiveCfg = Debug|Any CPU
		{B8C7B576-3AE3-46E0-A3EE-B0FB29F97F41}.Debug|Any CPU.Build.0 = Debug|Any CPU
		{B8C7B576-3AE3-46E0-A3EE-B0FB29F97F41}.Release|Any CPU.ActiveCfg = Release|Any CPU
		{B8C7B576-3AE3-46E0-A3EE-B0FB29F97F41}.Release|Any CPU.Build.0 = Release|Any CPU
		{9E8FC3D2-4B48-4E78-A766-09A8E29ED091}.Debug|Any CPU.ActiveCfg = Debug|Any CPU
		{9E8FC3D2-4B48-4E78-A766-09A8E29ED091}.Debug|Any CPU.Build.0 = Debug|Any CPU
		{9E8FC3D2-4B48-4E78-A766-09A8E29ED091}.Release|Any CPU.ActiveCfg = Release|Any CPU
		{9E8FC3D2-4B48-4E78-A766-09A8E29ED091}.Release|Any CPU.Build.0 = Release|Any CPU
		{40286046-0C04-47C4-9489-100AF92555B5}.Debug|Any CPU.ActiveCfg = Debug|Any CPU
		{40286046-0C04-47C4-9489-100AF92555B5}.Debug|Any CPU.Build.0 = Debug|Any CPU
		{40286046-0C04-47C4-9489-100AF92555B5}.Release|Any CPU.ActiveCfg = Release|Any CPU
		{40286046-0C04-47C4-9489-100AF92555B5}.Release|Any CPU.Build.0 = Release|Any CPU
		{3D2DF7EE-35D3-433F-AAA8-453E17A8E6B8}.Debug|Any CPU.ActiveCfg = Debug|Any CPU
		{3D2DF7EE-35D3-433F-AAA8-453E17A8E6B8}.Debug|Any CPU.Build.0 = Debug|Any CPU
		{3D2DF7EE-35D3-433F-AAA8-453E17A8E6B8}.Release|Any CPU.ActiveCfg = Release|Any CPU
		{3D2DF7EE-35D3-433F-AAA8-453E17A8E6B8}.Release|Any CPU.Build.0 = Release|Any CPU
		{610C3C10-A6BD-4ADD-8D5C-BE40E013C4FA}.Debug|Any CPU.ActiveCfg = Debug|Any CPU
		{610C3C10-A6BD-4ADD-8D5C-BE40E013C4FA}.Debug|Any CPU.Build.0 = Debug|Any CPU
		{610C3C10-A6BD-4ADD-8D5C-BE40E013C4FA}.Release|Any CPU.ActiveCfg = Release|Any CPU
		{610C3C10-A6BD-4ADD-8D5C-BE40E013C4FA}.Release|Any CPU.Build.0 = Release|Any CPU
		{8718283E-2F56-45C4-B22B-BD3F1C728273}.Debug|Any CPU.ActiveCfg = Debug|Any CPU
		{8718283E-2F56-45C4-B22B-BD3F1C728273}.Debug|Any CPU.Build.0 = Debug|Any CPU
		{8718283E-2F56-45C4-B22B-BD3F1C728273}.Release|Any CPU.ActiveCfg = Release|Any CPU
		{8718283E-2F56-45C4-B22B-BD3F1C728273}.Release|Any CPU.Build.0 = Release|Any CPU
		{1FEFAE7F-3A93-4506-9BEB-ACC54FD51F52}.Debug|Any CPU.ActiveCfg = Debug|Any CPU
		{1FEFAE7F-3A93-4506-9BEB-ACC54FD51F52}.Debug|Any CPU.Build.0 = Debug|Any CPU
		{1FEFAE7F-3A93-4506-9BEB-ACC54FD51F52}.Release|Any CPU.ActiveCfg = Release|Any CPU
		{1FEFAE7F-3A93-4506-9BEB-ACC54FD51F52}.Release|Any CPU.Build.0 = Release|Any CPU
		{D6A265D7-FA67-458B-A23C-010F27CD30E8}.Debug|Any CPU.ActiveCfg = Debug|Any CPU
		{D6A265D7-FA67-458B-A23C-010F27CD30E8}.Debug|Any CPU.Build.0 = Debug|Any CPU
		{D6A265D7-FA67-458B-A23C-010F27CD30E8}.Release|Any CPU.ActiveCfg = Release|Any CPU
		{D6A265D7-FA67-458B-A23C-010F27CD30E8}.Release|Any CPU.Build.0 = Release|Any CPU
	EndGlobalSection
	GlobalSection(SolutionProperties) = preSolution
		HideSolutionNode = FALSE
	EndGlobalSection
	GlobalSection(NestedProjects) = preSolution
		{C88CFC82-F7B7-4B6E-BAC4-0382F677E15D} = {DD9A0A53-D2D0-4E13-9B95-6040A318D370}
		{7527D57B-9821-4802-9E34-574B8E4B0A46} = {DD9A0A53-D2D0-4E13-9B95-6040A318D370}
		{E3BDA01A-419F-4049-AEE9-CD53E882E12C} = {DD9A0A53-D2D0-4E13-9B95-6040A318D370}
		{5E5A999F-1C50-47BB-9C8B-EFCEC6E6E1EA} = {DD9A0A53-D2D0-4E13-9B95-6040A318D370}
		{DA197A1C-EF08-41AF-9CBC-550190E0F542} = {DD9A0A53-D2D0-4E13-9B95-6040A318D370}
		{0BC95545-D047-46A2-BCA6-2344E1BAA8A2} = {DD9A0A53-D2D0-4E13-9B95-6040A318D370}
		{F35170AC-ED53-444B-B0AA-175E70674012} = {DD9A0A53-D2D0-4E13-9B95-6040A318D370}
		{4711315D-43D6-45AB-87A3-77D8E5941E4F} = {DD9A0A53-D2D0-4E13-9B95-6040A318D370}
		{D5D701C1-B729-40C1-AFCF-EE4BD8961EE8} = {DD9A0A53-D2D0-4E13-9B95-6040A318D370}
		{2988E9AE-2EA2-4A7E-975D-5E40640F0C91} = {D5D701C1-B729-40C1-AFCF-EE4BD8961EE8}
		{0C2DCABE-4C53-4495-8E0B-74FC0220326E} = {D5D701C1-B729-40C1-AFCF-EE4BD8961EE8}
		{433054CF-7C42-48BA-86E6-2DD2A86D0220} = {D5D701C1-B729-40C1-AFCF-EE4BD8961EE8}
		{9C8D3135-CE6C-4746-AB88-D20D9B683CBA} = {DD9A0A53-D2D0-4E13-9B95-6040A318D370}
		{3EFF7EC3-54AA-41AD-922B-CCC1EFB976A0} = {DD9A0A53-D2D0-4E13-9B95-6040A318D370}
		{ADE88DE1-0E8A-4FA4-874E-9A5DF79AECC4} = {3EFF7EC3-54AA-41AD-922B-CCC1EFB976A0}
		{FCE05F71-819D-44ED-88AA-EED23A0BE1DE} = {3EFF7EC3-54AA-41AD-922B-CCC1EFB976A0}
		{B574F4B7-824F-43B1-B05A-648C7A6B54E8} = {3EFF7EC3-54AA-41AD-922B-CCC1EFB976A0}
		{97A9B8A5-BC14-4F13-9A66-7E6FF5B49539} = {3EFF7EC3-54AA-41AD-922B-CCC1EFB976A0}
		{BFF8759B-7C2F-4572-B527-0D980946F4B0} = {DD9A0A53-D2D0-4E13-9B95-6040A318D370}
		{F42D820E-CAC8-47A2-B746-23D5948BC3AB} = {BFF8759B-7C2F-4572-B527-0D980946F4B0}
		{3942179D-594C-4B81-8739-F5AEEEEBF159} = {BFF8759B-7C2F-4572-B527-0D980946F4B0}
		{BA20CCEA-FA2F-416A-BBC3-8F6A210C0E40} = {BFF8759B-7C2F-4572-B527-0D980946F4B0}
		{94727F54-5353-434E-9380-BAF83F5B6208} = {BFF8759B-7C2F-4572-B527-0D980946F4B0}
		{10536C0C-84E9-4DFA-933D-52DF98F1A56E} = {DD9A0A53-D2D0-4E13-9B95-6040A318D370}
		{E55773DF-834B-4FB6-8408-F1A8156F8770} = {10536C0C-84E9-4DFA-933D-52DF98F1A56E}
		{ACEE6AA7-B4A5-4E70-8776-D930E04E8ACE} = {10536C0C-84E9-4DFA-933D-52DF98F1A56E}
		{FE41DE72-4296-4FAD-B42D-F3D5C9FAD93D} = {10536C0C-84E9-4DFA-933D-52DF98F1A56E}
		{B1B1B676-05E4-47DD-85D2-4D9610700B66} = {BFF8759B-7C2F-4572-B527-0D980946F4B0}
		{4C2C106C-3C61-4A2B-B3AB-471C96162593} = {BFF8759B-7C2F-4572-B527-0D980946F4B0}
		{33B5E539-3B1D-4570-917B-11965D80AC58} = {BFF8759B-7C2F-4572-B527-0D980946F4B0}
		{CF500943-6E21-43B0-BB52-6695F08C99DF} = {DD9A0A53-D2D0-4E13-9B95-6040A318D370}
		{EA27B0A8-521D-4065-A137-B020FE63A988} = {CF500943-6E21-43B0-BB52-6695F08C99DF}
		{3B501498-CFBA-4187-BAFA-C18C9D5A3411} = {CF500943-6E21-43B0-BB52-6695F08C99DF}
		{B8C7B576-3AE3-46E0-A3EE-B0FB29F97F41} = {CF500943-6E21-43B0-BB52-6695F08C99DF}
		{9E8FC3D2-4B48-4E78-A766-09A8E29ED091} = {CF500943-6E21-43B0-BB52-6695F08C99DF}
		{40286046-0C04-47C4-9489-100AF92555B5} = {CF500943-6E21-43B0-BB52-6695F08C99DF}
		{3D2DF7EE-35D3-433F-AAA8-453E17A8E6B8} = {24408290-702B-47A1-9933-3500CF2CBE9A}
		{610C3C10-A6BD-4ADD-8D5C-BE40E013C4FA} = {24408290-702B-47A1-9933-3500CF2CBE9A}
		{8718283E-2F56-45C4-B22B-BD3F1C728273} = {24408290-702B-47A1-9933-3500CF2CBE9A}
		{1FEFAE7F-3A93-4506-9BEB-ACC54FD51F52} = {402CDE4B-4292-4624-8818-6367A12C7464}
		{D6A265D7-FA67-458B-A23C-010F27CD30E8} = {402CDE4B-4292-4624-8818-6367A12C7464}
	EndGlobalSection
	GlobalSection(ExtensibilityGlobals) = postSolution
		SolutionGuid = {39A03BBB-ADAF-41E7-BA57-8F168408AD16}
	EndGlobalSection
EndGlobal
